// !$*UTF8*$!
{
	archiveVersion = 1;
	classes = {
	};
	objectVersion = 46;
	objects = {

/* Begin PBXBuildFile section */
		051F646415F4E5FB00CFF594 /* whitex.png in Resources */ = {isa = PBXBuildFile; fileRef = 051F646315F4E5FB00CFF594 /* whitex.png */; };
		05209CF115BF3B10001C66CF /* CoreMedia.framework in Frameworks */ = {isa = PBXBuildFile; fileRef = 05209CF015BF3B10001C66CF /* CoreMedia.framework */; };
		05209CFC15BF3D69001C66CF /* DIYCam.m in Sources */ = {isa = PBXBuildFile; fileRef = 05209CF815BF3D69001C66CF /* DIYCam.m */; settings = {COMPILER_FLAGS = "-fno-objc-arc"; }; };
		05209CFD15BF3D69001C66CF /* DIYCamUtilities.m in Sources */ = {isa = PBXBuildFile; fileRef = 05209CFB15BF3D69001C66CF /* DIYCamUtilities.m */; settings = {COMPILER_FLAGS = "-fno-objc-arc"; }; };
		05209D0215BF3DD0001C66CF /* UIImage+Resize.m in Sources */ = {isa = PBXBuildFile; fileRef = 05209CFF15BF3DD0001C66CF /* UIImage+Resize.m */; settings = {COMPILER_FLAGS = "-fno-objc-arc"; }; };
		05209D0315BF3DD0001C66CF /* UIImage+Save.m in Sources */ = {isa = PBXBuildFile; fileRef = 05209D0115BF3DD0001C66CF /* UIImage+Save.m */; settings = {COMPILER_FLAGS = "-fno-objc-arc"; }; };
		05209D0915BF3F8C001C66CF /* AssetsLibrary.framework in Frameworks */ = {isa = PBXBuildFile; fileRef = 05209D0815BF3F8C001C66CF /* AssetsLibrary.framework */; };
		05209D0B15BF3F9D001C66CF /* MobileCoreServices.framework in Frameworks */ = {isa = PBXBuildFile; fileRef = 05209D0A15BF3F9D001C66CF /* MobileCoreServices.framework */; };
		05209D0D15BF3FA4001C66CF /* QuartzCore.framework in Frameworks */ = {isa = PBXBuildFile; fileRef = 05209D0C15BF3FA4001C66CF /* QuartzCore.framework */; };
		052FEDB915F7AB120014DC37 /* iconnav2.png in Resources */ = {isa = PBXBuildFile; fileRef = 052FEDB815F7AB120014DC37 /* iconnav2.png */; };
		052FEDBB15F8918E0014DC37 /* dslogocropped.jpg in Resources */ = {isa = PBXBuildFile; fileRef = 052FEDBA15F8918E0014DC37 /* dslogocropped.jpg */; };
		052FEDBD15F8963E0014DC37 /* dslogocroppedtransparent.png in Resources */ = {isa = PBXBuildFile; fileRef = 052FEDBC15F8963D0014DC37 /* dslogocroppedtransparent.png */; };
		052FEDC615F8CDDE0014DC37 /* AccDisclosure.png in Resources */ = {isa = PBXBuildFile; fileRef = 052FEDC515F8CDDE0014DC37 /* AccDisclosure.png */; };
		052FEDC815F8EA3F0014DC37 /* information.png in Resources */ = {isa = PBXBuildFile; fileRef = 052FEDC715F8EA3E0014DC37 /* information.png */; };
		052FEDCC15F8F4CA0014DC37 /* libTestFlight.a in Frameworks */ = {isa = PBXBuildFile; fileRef = 052FEDCA15F8F4CA0014DC37 /* libTestFlight.a */; };
		052FEDCE15F8F5BE0014DC37 /* libz.dylib in Frameworks */ = {isa = PBXBuildFile; fileRef = 052FEDCD15F8F5BC0014DC37 /* libz.dylib */; settings = {ATTRIBUTES = (Required, ); }; };
		052FEDD915FB7E290014DC37 /* UITextFieldNoMenu.m in Sources */ = {isa = PBXBuildFile; fileRef = 052FEDD815FB7E270014DC37 /* UITextFieldNoMenu.m */; };
		052FEDEC15FE17AB0014DC37 /* dreamstaterecordimage.png in Resources */ = {isa = PBXBuildFile; fileRef = 052FEDEB15FE17AA0014DC37 /* dreamstaterecordimage.png */; };
		052FEDEE15FE321B0014DC37 /* dshome.png in Resources */ = {isa = PBXBuildFile; fileRef = 052FEDED15FE321B0014DC37 /* dshome.png */; };
		056C69731602132D00B3D06D /* Antique.m4a in Resources */ = {isa = PBXBuildFile; fileRef = 056C696E1602132D00B3D06D /* Antique.m4a */; };
		056C69741602132D00B3D06D /* Bells.m4a in Resources */ = {isa = PBXBuildFile; fileRef = 056C696F1602132D00B3D06D /* Bells.m4a */; };
		056C69751602132D00B3D06D /* Birds.m4a in Resources */ = {isa = PBXBuildFile; fileRef = 056C69701602132D00B3D06D /* Birds.m4a */; };
		056C69761602132D00B3D06D /* Candy.m4a in Resources */ = {isa = PBXBuildFile; fileRef = 056C69711602132D00B3D06D /* Candy.m4a */; };
		056C6979160213AA00B3D06D /* Piano beat.m4a in Resources */ = {isa = PBXBuildFile; fileRef = 056C6978160213AA00B3D06D /* Piano beat.m4a */; };
		056C699216021D1500B3D06D /* icon.png in Resources */ = {isa = PBXBuildFile; fileRef = 056C698C16021C2B00B3D06D /* icon.png */; };
		056C699416021D1C00B3D06D /* icon@2x.png in Resources */ = {isa = PBXBuildFile; fileRef = 056C699316021D1C00B3D06D /* icon@2x.png */; };
		056C699916032DD800B3D06D /* A Mind of Its Own.m4a in Resources */ = {isa = PBXBuildFile; fileRef = 056C699516032DD700B3D06D /* A Mind of Its Own.m4a */; };
		056C699A16032DD800B3D06D /* Blurred Atmospheres.m4a in Resources */ = {isa = PBXBuildFile; fileRef = 056C699616032DD700B3D06D /* Blurred Atmospheres.m4a */; };
		056C699B16032DD800B3D06D /* Hard as Nails.m4a in Resources */ = {isa = PBXBuildFile; fileRef = 056C699716032DD800B3D06D /* Hard as Nails.m4a */; };
		056C699C16032DD800B3D06D /* High Action.m4a in Resources */ = {isa = PBXBuildFile; fileRef = 056C699816032DD800B3D06D /* High Action.m4a */; };
		056C699F1603362600B3D06D /* Alarm bell 2.m4a in Resources */ = {isa = PBXBuildFile; fileRef = 056C699D1603362600B3D06D /* Alarm bell 2.m4a */; };
		056C69A01603362600B3D06D /* Alarm bell 1.m4a in Resources */ = {isa = PBXBuildFile; fileRef = 056C699E1603362600B3D06D /* Alarm bell 1.m4a */; };
		056C69A516049FD500B3D06D /* AboutViewController.m in Sources */ = {isa = PBXBuildFile; fileRef = 056C69A316049FD200B3D06D /* AboutViewController.m */; };
		056C69A616049FD500B3D06D /* AboutViewController.xib in Resources */ = {isa = PBXBuildFile; fileRef = 056C69A416049FD400B3D06D /* AboutViewController.xib */; };
		056C69AB1604A10500B3D06D /* TOCViewController.m in Sources */ = {isa = PBXBuildFile; fileRef = 056C69A91604A10500B3D06D /* TOCViewController.m */; };
		056C69AC1604A10500B3D06D /* TOCViewController.xib in Resources */ = {isa = PBXBuildFile; fileRef = 056C69AA1604A10500B3D06D /* TOCViewController.xib */; };
		056C69B01604A11F00B3D06D /* HowToViewController.m in Sources */ = {isa = PBXBuildFile; fileRef = 056C69AE1604A11F00B3D06D /* HowToViewController.m */; };
		056C69B51604A63100B3D06D /* LegalViewController.m in Sources */ = {isa = PBXBuildFile; fileRef = 056C69B31604A63100B3D06D /* LegalViewController.m */; };
		056C69B61604A63100B3D06D /* LegalViewController.xib in Resources */ = {isa = PBXBuildFile; fileRef = 056C69B41604A63100B3D06D /* LegalViewController.xib */; };
		056C69BA1604D68600B3D06D /* Settings.m in Sources */ = {isa = PBXBuildFile; fileRef = 056C69B91604D68400B3D06D /* Settings.m */; };
		056C69BE1604FE1600B3D06D /* Notifications2.png in Resources */ = {isa = PBXBuildFile; fileRef = 056C69BB1604FE0F00B3D06D /* Notifications2.png */; };
		056C69BF1604FE1600B3D06D /* Notifications3.png in Resources */ = {isa = PBXBuildFile; fileRef = 056C69BC1604FE1200B3D06D /* Notifications3.png */; };
		056C69C01604FE1600B3D06D /* Notifications.png in Resources */ = {isa = PBXBuildFile; fileRef = 056C69BD1604FE1500B3D06D /* Notifications.png */; };
		056C69C41604FEE800B3D06D /* HowToViewController.xib in Resources */ = {isa = PBXBuildFile; fileRef = 056C69C51604FEE800B3D06D /* HowToViewController.xib */; };
		0589FC0815EF5F1C00121B9C /* AudioToolbox.framework in Frameworks */ = {isa = PBXBuildFile; fileRef = 0589FC0715EF5F1B00121B9C /* AudioToolbox.framework */; };
		058FCCD815DB9FA50030A4D9 /* HomeViewController.m in Sources */ = {isa = PBXBuildFile; fileRef = 058FCCD615DB9FA50030A4D9 /* HomeViewController.m */; };
		058FCCEE15DD31C20030A4D9 /* SineWaveView.m in Sources */ = {isa = PBXBuildFile; fileRef = 058FCCED15DD31C10030A4D9 /* SineWaveView.m */; };
		059A9C1115EB6DD40054F114 /* DS-Digital.ttf in Resources */ = {isa = PBXBuildFile; fileRef = 059A9C1015EB6DD40054F114 /* DS-Digital.ttf */; };
		059A9C1415EB6F5B0054F114 /* DS-DIGI.TTF in Resources */ = {isa = PBXBuildFile; fileRef = 059A9C1315EB6F5B0054F114 /* DS-DIGI.TTF */; };
		059A9C1715EB90210054F114 /* nineteen.ttf in Resources */ = {isa = PBXBuildFile; fileRef = 059A9C1615EB90210054F114 /* nineteen.ttf */; };
		059A9C1915EB90430054F114 /* Electrorocket.ttf in Resources */ = {isa = PBXBuildFile; fileRef = 059A9C1815EB90430054F114 /* Electrorocket.ttf */; };
		059A9C1B15EB93580054F114 /* Solari.ttf in Resources */ = {isa = PBXBuildFile; fileRef = 059A9C1A15EB93580054F114 /* Solari.ttf */; };
		059A9C1F15ECF9A80054F114 /* blackalarmbell.png in Resources */ = {isa = PBXBuildFile; fileRef = 059A9C1E15ECF9A80054F114 /* blackalarmbell.png */; };
		05A198D81609BE7300ED1ACD /* HomeViewController.xib in Resources */ = {isa = PBXBuildFile; fileRef = 058FCCD715DB9FA50030A4D9 /* HomeViewController.xib */; };
		05A5CE1615C80AA70097DB1C /* AlarmListViewController.m in Sources */ = {isa = PBXBuildFile; fileRef = 05A5CE1415C80AA50097DB1C /* AlarmListViewController.m */; };
		05A5CE1715C80AA70097DB1C /* AlarmListViewController.xib in Resources */ = {isa = PBXBuildFile; fileRef = 05A5CE1515C80AA60097DB1C /* AlarmListViewController.xib */; };
		05A5CE1915C824A70097DB1C /* AlarmClock.plist in Resources */ = {isa = PBXBuildFile; fileRef = 05A5CE1815C824A70097DB1C /* AlarmClock.plist */; };
		05A5CF5515C94B060097DB1C /* InAppSettingsPSChildPaneSpecifierCell.m in Sources */ = {isa = PBXBuildFile; fileRef = 05A5CF3D15C94B060097DB1C /* InAppSettingsPSChildPaneSpecifierCell.m */; settings = {COMPILER_FLAGS = "-fno-objc-arc"; }; };
		05A5CF5615C94B060097DB1C /* InAppSettingsPSMultiValueSpecifierCell.m in Sources */ = {isa = PBXBuildFile; fileRef = 05A5CF3F15C94B060097DB1C /* InAppSettingsPSMultiValueSpecifierCell.m */; settings = {COMPILER_FLAGS = "-fno-objc-arc"; }; };
		05A5CF5715C94B060097DB1C /* InAppSettingsPSSliderSpecifierCell.m in Sources */ = {isa = PBXBuildFile; fileRef = 05A5CF4115C94B060097DB1C /* InAppSettingsPSSliderSpecifierCell.m */; settings = {COMPILER_FLAGS = "-fno-objc-arc"; }; };
		05A5CF5815C94B060097DB1C /* InAppSettingsPSTextFieldSpecifierCell.m in Sources */ = {isa = PBXBuildFile; fileRef = 05A5CF4315C94B060097DB1C /* InAppSettingsPSTextFieldSpecifierCell.m */; settings = {COMPILER_FLAGS = "-fno-objc-arc"; }; };
		05A5CF5915C94B060097DB1C /* InAppSettingsPSTitleValueSpecifierCell.m in Sources */ = {isa = PBXBuildFile; fileRef = 05A5CF4515C94B060097DB1C /* InAppSettingsPSTitleValueSpecifierCell.m */; settings = {COMPILER_FLAGS = "-fno-objc-arc"; }; };
		05A5CF5A15C94B060097DB1C /* InAppSettingsPSToggleSwitchSpecifierCell.m in Sources */ = {isa = PBXBuildFile; fileRef = 05A5CF4715C94B060097DB1C /* InAppSettingsPSToggleSwitchSpecifierCell.m */; settings = {COMPILER_FLAGS = "-fno-objc-arc"; }; };
		05A5CF5B15C94B060097DB1C /* InAppSettingsTableCell.m in Sources */ = {isa = PBXBuildFile; fileRef = 05A5CF4915C94B060097DB1C /* InAppSettingsTableCell.m */; settings = {COMPILER_FLAGS = "-fno-objc-arc"; }; };
		05A5CF5C15C94B060097DB1C /* InAppSettings.m in Sources */ = {isa = PBXBuildFile; fileRef = 05A5CF4B15C94B060097DB1C /* InAppSettings.m */; settings = {COMPILER_FLAGS = "-fno-objc-arc"; }; };
		05A5CF5D15C94B060097DB1C /* InAppSettings.png in Resources */ = {isa = PBXBuildFile; fileRef = 05A5CF4C15C94B060097DB1C /* InAppSettings.png */; };
		05A5CF5E15C94B060097DB1C /* InAppSettings@2x.png in Resources */ = {isa = PBXBuildFile; fileRef = 05A5CF4D15C94B060097DB1C /* InAppSettings@2x.png */; };
		05A5CF5F15C94B060097DB1C /* InAppSettingsPSMultiValueSpecifierTable.m in Sources */ = {isa = PBXBuildFile; fileRef = 05A5CF5015C94B060097DB1C /* InAppSettingsPSMultiValueSpecifierTable.m */; settings = {COMPILER_FLAGS = "-fno-objc-arc"; }; };
		05A5CF6015C94B060097DB1C /* InAppSettingsReader.m in Sources */ = {isa = PBXBuildFile; fileRef = 05A5CF5215C94B060097DB1C /* InAppSettingsReader.m */; settings = {COMPILER_FLAGS = "-fno-objc-arc"; }; };
		05A5CF6115C94B060097DB1C /* InAppSettingsSpecifier.m in Sources */ = {isa = PBXBuildFile; fileRef = 05A5CF5415C94B060097DB1C /* InAppSettingsSpecifier.m */; settings = {COMPILER_FLAGS = "-fno-objc-arc"; }; };
		05D9323315B9AEFB00983693 /* UIKit.framework in Frameworks */ = {isa = PBXBuildFile; fileRef = 05D9323215B9AEFB00983693 /* UIKit.framework */; };
		05D9323515B9AEFB00983693 /* Foundation.framework in Frameworks */ = {isa = PBXBuildFile; fileRef = 05D9323415B9AEFB00983693 /* Foundation.framework */; };
		05D9323715B9AEFB00983693 /* CoreGraphics.framework in Frameworks */ = {isa = PBXBuildFile; fileRef = 05D9323615B9AEFB00983693 /* CoreGraphics.framework */; };
		05D9323F15B9AEFB00983693 /* main.m in Sources */ = {isa = PBXBuildFile; fileRef = 05D9323E15B9AEFB00983693 /* main.m */; };
		05D9324315B9AEFB00983693 /* AppDelegate.m in Sources */ = {isa = PBXBuildFile; fileRef = 05D9324215B9AEFB00983693 /* AppDelegate.m */; };
		05D9325415B9AEFB00983693 /* SenTestingKit.framework in Frameworks */ = {isa = PBXBuildFile; fileRef = 05D9325315B9AEFB00983693 /* SenTestingKit.framework */; };
		05D9325515B9AEFB00983693 /* UIKit.framework in Frameworks */ = {isa = PBXBuildFile; fileRef = 05D9323215B9AEFB00983693 /* UIKit.framework */; };
		05D9325615B9AEFB00983693 /* Foundation.framework in Frameworks */ = {isa = PBXBuildFile; fileRef = 05D9323415B9AEFB00983693 /* Foundation.framework */; };
		05D9326115B9AEFB00983693 /* DreamStateTests.m in Sources */ = {isa = PBXBuildFile; fileRef = 05D9326015B9AEFB00983693 /* DreamStateTests.m */; };
		05D9327215B9B8FB00983693 /* AlarmViewController.m in Sources */ = {isa = PBXBuildFile; fileRef = 05D9327015B9B8FB00983693 /* AlarmViewController.m */; };
		05D9327315B9B8FB00983693 /* AlarmViewController.xib in Resources */ = {isa = PBXBuildFile; fileRef = 05D9327115B9B8FB00983693 /* AlarmViewController.xib */; };
		05D9327715B9B96400983693 /* CurrentDreamsViewController.m in Sources */ = {isa = PBXBuildFile; fileRef = 05D9327515B9B96400983693 /* CurrentDreamsViewController.m */; };
		05D9327815B9B96400983693 /* CurrentDreamsViewController.xib in Resources */ = {isa = PBXBuildFile; fileRef = 05D9327615B9B96400983693 /* CurrentDreamsViewController.xib */; };
		05D9327C15B9B97A00983693 /* RecordDreamViewController.m in Sources */ = {isa = PBXBuildFile; fileRef = 05D9327A15B9B97A00983693 /* RecordDreamViewController.m */; };
		05D9327D15B9B97A00983693 /* RecordDreamViewController.xib in Resources */ = {isa = PBXBuildFile; fileRef = 05D9327B15B9B97A00983693 /* RecordDreamViewController.xib */; };
		05D9328115B9BC8700983693 /* AVFoundation.framework in Frameworks */ = {isa = PBXBuildFile; fileRef = 05D9328015B9BC8700983693 /* AVFoundation.framework */; };
		05D9328915B9C82900983693 /* SelectedDreamViewController.m in Sources */ = {isa = PBXBuildFile; fileRef = 05D9328715B9C82900983693 /* SelectedDreamViewController.m */; };
		05D9328A15B9C82900983693 /* SelectedDreamViewController.xib in Resources */ = {isa = PBXBuildFile; fileRef = 05D9328815B9C82900983693 /* SelectedDreamViewController.xib */; };
		05E0E30F15BFF92B005BAEF0 /* MediaPlayer.framework in Frameworks */ = {isa = PBXBuildFile; fileRef = 05E0E30E15BFF92B005BAEF0 /* MediaPlayer.framework */; };
		05E5AA0715D27290004684E0 /* AlarmLabelViewController.m in Sources */ = {isa = PBXBuildFile; fileRef = 05E5AA0515D27290004684E0 /* AlarmLabelViewController.m */; };
		05E5AA0815D27290004684E0 /* AlarmLabelViewController.xib in Resources */ = {isa = PBXBuildFile; fileRef = 05E5AA0615D27290004684E0 /* AlarmLabelViewController.xib */; };
		05E5AA0A15D2C666004684E0 /* CoreData.framework in Frameworks */ = {isa = PBXBuildFile; fileRef = 05E5AA0915D2C666004684E0 /* CoreData.framework */; };
		05E5AA1015D2D4E5004684E0 /* DreamState.xcdatamodeld in Sources */ = {isa = PBXBuildFile; fileRef = 05E5AA0E15D2D4E5004684E0 /* DreamState.xcdatamodeld */; };
		05E5AA6C15D2E7D6004684E0 /* Day.m in Sources */ = {isa = PBXBuildFile; fileRef = 05E5AA6B15D2E7D5004684E0 /* Day.m */; };
		05E5AA7615D3C4A6004684E0 /* AlarmDaysViewController.m in Sources */ = {isa = PBXBuildFile; fileRef = 05E5AA7415D3C4A0004684E0 /* AlarmDaysViewController.m */; };
		05E5AA7715D3C4A6004684E0 /* AlarmDaysViewController.xib in Resources */ = {isa = PBXBuildFile; fileRef = 05E5AA7515D3C4A2004684E0 /* AlarmDaysViewController.xib */; };
		05E5AA7C15D40D8F004684E0 /* NotificationLoader.m in Sources */ = {isa = PBXBuildFile; fileRef = 05E5AA7B15D40D8F004684E0 /* NotificationLoader.m */; };
		05E5AA8815D56C90004684E0 /* Alarm.m in Sources */ = {isa = PBXBuildFile; fileRef = 05E5AA8715D56C90004684E0 /* Alarm.m */; };
		05E5AA8F15D8F09F004684E0 /* Alarmhelper.m in Sources */ = {isa = PBXBuildFile; fileRef = 05E5AA8E15D8F09E004684E0 /* Alarmhelper.m */; };
		05E8CE1115E54462007EDF8F /* 11-clock.png in Resources */ = {isa = PBXBuildFile; fileRef = 05E8CE1015E54462007EDF8F /* 11-clock.png */; };
		05E8CE1915E5454D007EDF8F /* play@2x.png in Resources */ = {isa = PBXBuildFile; fileRef = 05E8CE1815E5454D007EDF8F /* play@2x.png */; };
		05E8CE1B15E54556007EDF8F /* record@2x.png in Resources */ = {isa = PBXBuildFile; fileRef = 05E8CE1A15E54556007EDF8F /* record@2x.png */; };
		05E8CE1F15E546B9007EDF8F /* play@1x.png in Resources */ = {isa = PBXBuildFile; fileRef = 05E8CE1E15E546B9007EDF8F /* play@1x.png */; };
		05E8CE2815E7CD4E007EDF8F /* AlarmSoundViewController.m in Sources */ = {isa = PBXBuildFile; fileRef = 05E8CE2615E7CD4D007EDF8F /* AlarmSoundViewController.m */; };
		05E8CE2915E7CD4E007EDF8F /* AlarmSoundViewController.xib in Resources */ = {isa = PBXBuildFile; fileRef = 05E8CE2715E7CD4E007EDF8F /* AlarmSoundViewController.xib */; };
/* End PBXBuildFile section */

/* Begin PBXContainerItemProxy section */
		05D9325715B9AEFB00983693 /* PBXContainerItemProxy */ = {
			isa = PBXContainerItemProxy;
			containerPortal = 05D9322515B9AEFB00983693 /* Project object */;
			proxyType = 1;
			remoteGlobalIDString = 05D9322D15B9AEFB00983693;
			remoteInfo = DreamState;
		};
/* End PBXContainerItemProxy section */

/* Begin PBXFileReference section */
		051F646315F4E5FB00CFF594 /* whitex.png */ = {isa = PBXFileReference; lastKnownFileType = image.png; path = whitex.png; sourceTree = "<group>"; };
		05209CF015BF3B10001C66CF /* CoreMedia.framework */ = {isa = PBXFileReference; lastKnownFileType = wrapper.framework; name = CoreMedia.framework; path = System/Library/Frameworks/CoreMedia.framework; sourceTree = SDKROOT; };
		05209CF715BF3D69001C66CF /* DIYCam.h */ = {isa = PBXFileReference; fileEncoding = 4; lastKnownFileType = sourcecode.c.h; path = DIYCam.h; sourceTree = "<group>"; };
		05209CF815BF3D69001C66CF /* DIYCam.m */ = {isa = PBXFileReference; fileEncoding = 4; lastKnownFileType = sourcecode.c.objc; path = DIYCam.m; sourceTree = "<group>"; };
		05209CF915BF3D69001C66CF /* DIYCamDefaults.h */ = {isa = PBXFileReference; fileEncoding = 4; lastKnownFileType = sourcecode.c.h; path = DIYCamDefaults.h; sourceTree = "<group>"; };
		05209CFA15BF3D69001C66CF /* DIYCamUtilities.h */ = {isa = PBXFileReference; fileEncoding = 4; lastKnownFileType = sourcecode.c.h; path = DIYCamUtilities.h; sourceTree = "<group>"; };
		05209CFB15BF3D69001C66CF /* DIYCamUtilities.m */ = {isa = PBXFileReference; fileEncoding = 4; lastKnownFileType = sourcecode.c.objc; path = DIYCamUtilities.m; sourceTree = "<group>"; };
		05209CFE15BF3DD0001C66CF /* UIImage+Resize.h */ = {isa = PBXFileReference; fileEncoding = 4; lastKnownFileType = sourcecode.c.h; path = "UIImage+Resize.h"; sourceTree = "<group>"; };
		05209CFF15BF3DD0001C66CF /* UIImage+Resize.m */ = {isa = PBXFileReference; fileEncoding = 4; lastKnownFileType = sourcecode.c.objc; path = "UIImage+Resize.m"; sourceTree = "<group>"; };
		05209D0015BF3DD0001C66CF /* UIImage+Save.h */ = {isa = PBXFileReference; fileEncoding = 4; lastKnownFileType = sourcecode.c.h; path = "UIImage+Save.h"; sourceTree = "<group>"; };
		05209D0115BF3DD0001C66CF /* UIImage+Save.m */ = {isa = PBXFileReference; fileEncoding = 4; lastKnownFileType = sourcecode.c.objc; path = "UIImage+Save.m"; sourceTree = "<group>"; };
		05209D0815BF3F8C001C66CF /* AssetsLibrary.framework */ = {isa = PBXFileReference; lastKnownFileType = wrapper.framework; name = AssetsLibrary.framework; path = System/Library/Frameworks/AssetsLibrary.framework; sourceTree = SDKROOT; };
		05209D0A15BF3F9D001C66CF /* MobileCoreServices.framework */ = {isa = PBXFileReference; lastKnownFileType = wrapper.framework; name = MobileCoreServices.framework; path = System/Library/Frameworks/MobileCoreServices.framework; sourceTree = SDKROOT; };
		05209D0C15BF3FA4001C66CF /* QuartzCore.framework */ = {isa = PBXFileReference; lastKnownFileType = wrapper.framework; name = QuartzCore.framework; path = System/Library/Frameworks/QuartzCore.framework; sourceTree = SDKROOT; };
		052FEDB815F7AB120014DC37 /* iconnav2.png */ = {isa = PBXFileReference; lastKnownFileType = image.png; path = iconnav2.png; sourceTree = "<group>"; };
		052FEDBA15F8918E0014DC37 /* dslogocropped.jpg */ = {isa = PBXFileReference; lastKnownFileType = image.jpeg; path = dslogocropped.jpg; sourceTree = "<group>"; };
		052FEDBC15F8963D0014DC37 /* dslogocroppedtransparent.png */ = {isa = PBXFileReference; lastKnownFileType = image.png; path = dslogocroppedtransparent.png; sourceTree = "<group>"; };
		052FEDC515F8CDDE0014DC37 /* AccDisclosure.png */ = {isa = PBXFileReference; lastKnownFileType = image.png; path = AccDisclosure.png; sourceTree = "<group>"; };
		052FEDC715F8EA3E0014DC37 /* information.png */ = {isa = PBXFileReference; lastKnownFileType = image.png; path = information.png; sourceTree = "<group>"; };
		052FEDCA15F8F4CA0014DC37 /* libTestFlight.a */ = {isa = PBXFileReference; lastKnownFileType = archive.ar; path = libTestFlight.a; sourceTree = "<group>"; };
		052FEDCB15F8F4CA0014DC37 /* TestFlight.h */ = {isa = PBXFileReference; fileEncoding = 4; lastKnownFileType = sourcecode.c.h; path = TestFlight.h; sourceTree = "<group>"; };
		052FEDCD15F8F5BC0014DC37 /* libz.dylib */ = {isa = PBXFileReference; lastKnownFileType = "compiled.mach-o.dylib"; name = libz.dylib; path = usr/lib/libz.dylib; sourceTree = SDKROOT; };
		052FEDD715FB7E240014DC37 /* UITextFieldNoMenu.h */ = {isa = PBXFileReference; fileEncoding = 4; lastKnownFileType = sourcecode.c.h; path = UITextFieldNoMenu.h; sourceTree = "<group>"; };
		052FEDD815FB7E270014DC37 /* UITextFieldNoMenu.m */ = {isa = PBXFileReference; fileEncoding = 4; lastKnownFileType = sourcecode.c.objc; path = UITextFieldNoMenu.m; sourceTree = "<group>"; };
		052FEDEB15FE17AA0014DC37 /* dreamstaterecordimage.png */ = {isa = PBXFileReference; lastKnownFileType = image.png; path = dreamstaterecordimage.png; sourceTree = "<group>"; };
		052FEDED15FE321B0014DC37 /* dshome.png */ = {isa = PBXFileReference; lastKnownFileType = image.png; path = dshome.png; sourceTree = "<group>"; };
		052FEDF31600C72B0014DC37 /* DreamState 3.xcdatamodel */ = {isa = PBXFileReference; lastKnownFileType = wrapper.xcdatamodel; path = "DreamState 3.xcdatamodel"; sourceTree = "<group>"; };
		052FEDF71600C87E0014DC37 /* Dream.h */ = {isa = PBXFileReference; fileEncoding = 4; lastKnownFileType = sourcecode.c.h; path = Dream.h; sourceTree = "<group>"; };
		052FEDF81600C8800014DC37 /* Dream.m */ = {isa = PBXFileReference; fileEncoding = 4; lastKnownFileType = sourcecode.c.objc; path = Dream.m; sourceTree = "<group>"; };
		056C696E1602132D00B3D06D /* Antique.m4a */ = {isa = PBXFileReference; lastKnownFileType = file; path = Antique.m4a; sourceTree = "<group>"; };
		056C696F1602132D00B3D06D /* Bells.m4a */ = {isa = PBXFileReference; lastKnownFileType = file; path = Bells.m4a; sourceTree = "<group>"; };
		056C69701602132D00B3D06D /* Birds.m4a */ = {isa = PBXFileReference; lastKnownFileType = file; path = Birds.m4a; sourceTree = "<group>"; };
		056C69711602132D00B3D06D /* Candy.m4a */ = {isa = PBXFileReference; lastKnownFileType = file; path = Candy.m4a; sourceTree = "<group>"; };
		056C6978160213AA00B3D06D /* Piano beat.m4a */ = {isa = PBXFileReference; lastKnownFileType = file; path = "Piano beat.m4a"; sourceTree = "<group>"; };
		056C698C16021C2B00B3D06D /* icon.png */ = {isa = PBXFileReference; lastKnownFileType = image.png; name = icon.png; path = ../icon.png; sourceTree = "<group>"; };
		056C699316021D1C00B3D06D /* icon@2x.png */ = {isa = PBXFileReference; lastKnownFileType = image.png; name = "icon@2x.png"; path = "../icon@2x.png"; sourceTree = "<group>"; };
		056C699516032DD700B3D06D /* A Mind of Its Own.m4a */ = {isa = PBXFileReference; lastKnownFileType = file; path = "A Mind of Its Own.m4a"; sourceTree = "<group>"; };
		056C699616032DD700B3D06D /* Blurred Atmospheres.m4a */ = {isa = PBXFileReference; lastKnownFileType = file; path = "Blurred Atmospheres.m4a"; sourceTree = "<group>"; };
		056C699716032DD800B3D06D /* Hard as Nails.m4a */ = {isa = PBXFileReference; lastKnownFileType = file; path = "Hard as Nails.m4a"; sourceTree = "<group>"; };
		056C699816032DD800B3D06D /* High Action.m4a */ = {isa = PBXFileReference; lastKnownFileType = file; path = "High Action.m4a"; sourceTree = "<group>"; };
		056C699D1603362600B3D06D /* Alarm bell 2.m4a */ = {isa = PBXFileReference; lastKnownFileType = file; path = "Alarm bell 2.m4a"; sourceTree = "<group>"; };
		056C699E1603362600B3D06D /* Alarm bell 1.m4a */ = {isa = PBXFileReference; lastKnownFileType = file; path = "Alarm bell 1.m4a"; sourceTree = "<group>"; };
		056C69A216049FD100B3D06D /* AboutViewController.h */ = {isa = PBXFileReference; fileEncoding = 4; lastKnownFileType = sourcecode.c.h; path = AboutViewController.h; sourceTree = "<group>"; };
		056C69A316049FD200B3D06D /* AboutViewController.m */ = {isa = PBXFileReference; fileEncoding = 4; lastKnownFileType = sourcecode.c.objc; path = AboutViewController.m; sourceTree = "<group>"; };
		056C69A416049FD400B3D06D /* AboutViewController.xib */ = {isa = PBXFileReference; fileEncoding = 4; lastKnownFileType = file.xib; path = AboutViewController.xib; sourceTree = "<group>"; };
		056C69A81604A10500B3D06D /* TOCViewController.h */ = {isa = PBXFileReference; fileEncoding = 4; lastKnownFileType = sourcecode.c.h; path = TOCViewController.h; sourceTree = "<group>"; };
		056C69A91604A10500B3D06D /* TOCViewController.m */ = {isa = PBXFileReference; fileEncoding = 4; lastKnownFileType = sourcecode.c.objc; path = TOCViewController.m; sourceTree = "<group>"; };
		056C69AA1604A10500B3D06D /* TOCViewController.xib */ = {isa = PBXFileReference; fileEncoding = 4; lastKnownFileType = file.xib; path = TOCViewController.xib; sourceTree = "<group>"; };
		056C69AD1604A11F00B3D06D /* HowToViewController.h */ = {isa = PBXFileReference; fileEncoding = 4; lastKnownFileType = sourcecode.c.h; path = HowToViewController.h; sourceTree = "<group>"; };
		056C69AE1604A11F00B3D06D /* HowToViewController.m */ = {isa = PBXFileReference; fileEncoding = 4; lastKnownFileType = sourcecode.c.objc; path = HowToViewController.m; sourceTree = "<group>"; };
		056C69B21604A63100B3D06D /* LegalViewController.h */ = {isa = PBXFileReference; fileEncoding = 4; lastKnownFileType = sourcecode.c.h; path = LegalViewController.h; sourceTree = "<group>"; };
		056C69B31604A63100B3D06D /* LegalViewController.m */ = {isa = PBXFileReference; fileEncoding = 4; lastKnownFileType = sourcecode.c.objc; path = LegalViewController.m; sourceTree = "<group>"; };
		056C69B41604A63100B3D06D /* LegalViewController.xib */ = {isa = PBXFileReference; fileEncoding = 4; lastKnownFileType = file.xib; path = LegalViewController.xib; sourceTree = "<group>"; };
		056C69B71604D61C00B3D06D /* DreamState 4.xcdatamodel */ = {isa = PBXFileReference; lastKnownFileType = wrapper.xcdatamodel; path = "DreamState 4.xcdatamodel"; sourceTree = "<group>"; };
		056C69B81604D68300B3D06D /* Settings.h */ = {isa = PBXFileReference; fileEncoding = 4; lastKnownFileType = sourcecode.c.h; path = Settings.h; sourceTree = "<group>"; };
		056C69B91604D68400B3D06D /* Settings.m */ = {isa = PBXFileReference; fileEncoding = 4; lastKnownFileType = sourcecode.c.objc; path = Settings.m; sourceTree = "<group>"; };
		056C69BB1604FE0F00B3D06D /* Notifications2.png */ = {isa = PBXFileReference; lastKnownFileType = image.png; path = Notifications2.png; sourceTree = "<group>"; };
		056C69BC1604FE1200B3D06D /* Notifications3.png */ = {isa = PBXFileReference; lastKnownFileType = image.png; path = Notifications3.png; sourceTree = "<group>"; };
		056C69BD1604FE1500B3D06D /* Notifications.png */ = {isa = PBXFileReference; lastKnownFileType = image.png; path = Notifications.png; sourceTree = "<group>"; };
		056C69C51604FEE800B3D06D /* HowToViewController.xib */ = {isa = PBXFileReference; lastKnownFileType = file.xib; path = HowToViewController.xib; sourceTree = "<group>"; };
		0589FC0715EF5F1B00121B9C /* AudioToolbox.framework */ = {isa = PBXFileReference; lastKnownFileType = wrapper.framework; name = AudioToolbox.framework; path = System/Library/Frameworks/AudioToolbox.framework; sourceTree = SDKROOT; };
		058FCCD515DB9FA50030A4D9 /* HomeViewController.h */ = {isa = PBXFileReference; fileEncoding = 4; lastKnownFileType = sourcecode.c.h; path = HomeViewController.h; sourceTree = "<group>"; };
		058FCCD615DB9FA50030A4D9 /* HomeViewController.m */ = {isa = PBXFileReference; fileEncoding = 4; lastKnownFileType = sourcecode.c.objc; path = HomeViewController.m; sourceTree = "<group>"; };
		058FCCD715DB9FA50030A4D9 /* HomeViewController.xib */ = {isa = PBXFileReference; fileEncoding = 4; lastKnownFileType = file.xib; path = HomeViewController.xib; sourceTree = "<group>"; };
		058FCCEC15DD31C10030A4D9 /* SineWaveView.h */ = {isa = PBXFileReference; fileEncoding = 4; lastKnownFileType = sourcecode.c.h; path = SineWaveView.h; sourceTree = "<group>"; };
		058FCCED15DD31C10030A4D9 /* SineWaveView.m */ = {isa = PBXFileReference; fileEncoding = 4; lastKnownFileType = sourcecode.c.objc; path = SineWaveView.m; sourceTree = "<group>"; };
		059A9C1015EB6DD40054F114 /* DS-Digital.ttf */ = {isa = PBXFileReference; lastKnownFileType = file; path = "DS-Digital.ttf"; sourceTree = "<group>"; };
		059A9C1315EB6F5B0054F114 /* DS-DIGI.TTF */ = {isa = PBXFileReference; lastKnownFileType = file; path = "DS-DIGI.TTF"; sourceTree = "<group>"; };
		059A9C1615EB90210054F114 /* nineteen.ttf */ = {isa = PBXFileReference; lastKnownFileType = file; path = nineteen.ttf; sourceTree = "<group>"; };
		059A9C1815EB90430054F114 /* Electrorocket.ttf */ = {isa = PBXFileReference; lastKnownFileType = file; path = Electrorocket.ttf; sourceTree = "<group>"; };
		059A9C1A15EB93580054F114 /* Solari.ttf */ = {isa = PBXFileReference; lastKnownFileType = file; path = Solari.ttf; sourceTree = "<group>"; };
		059A9C1E15ECF9A80054F114 /* blackalarmbell.png */ = {isa = PBXFileReference; lastKnownFileType = image.png; path = blackalarmbell.png; sourceTree = "<group>"; };
		05A5CE1315C80AA50097DB1C /* AlarmListViewController.h */ = {isa = PBXFileReference; fileEncoding = 4; lastKnownFileType = sourcecode.c.h; path = AlarmListViewController.h; sourceTree = "<group>"; };
		05A5CE1415C80AA50097DB1C /* AlarmListViewController.m */ = {isa = PBXFileReference; fileEncoding = 4; lastKnownFileType = sourcecode.c.objc; path = AlarmListViewController.m; sourceTree = "<group>"; };
		05A5CE1515C80AA60097DB1C /* AlarmListViewController.xib */ = {isa = PBXFileReference; fileEncoding = 4; lastKnownFileType = file.xib; path = AlarmListViewController.xib; sourceTree = "<group>"; };
		05A5CE1815C824A70097DB1C /* AlarmClock.plist */ = {isa = PBXFileReference; fileEncoding = 4; lastKnownFileType = text.plist.xml; path = AlarmClock.plist; sourceTree = "<group>"; };
		05A5CE8E15C9395F0097DB1C /* MessageUI.framework */ = {isa = PBXFileReference; lastKnownFileType = wrapper.framework; name = MessageUI.framework; path = System/Library/Frameworks/MessageUI.framework; sourceTree = SDKROOT; };
		05A5CF3C15C94B060097DB1C /* InAppSettingsPSChildPaneSpecifierCell.h */ = {isa = PBXFileReference; fileEncoding = 4; lastKnownFileType = sourcecode.c.h; path = InAppSettingsPSChildPaneSpecifierCell.h; sourceTree = "<group>"; };
		05A5CF3D15C94B060097DB1C /* InAppSettingsPSChildPaneSpecifierCell.m */ = {isa = PBXFileReference; fileEncoding = 4; lastKnownFileType = sourcecode.c.objc; path = InAppSettingsPSChildPaneSpecifierCell.m; sourceTree = "<group>"; };
		05A5CF3E15C94B060097DB1C /* InAppSettingsPSMultiValueSpecifierCell.h */ = {isa = PBXFileReference; fileEncoding = 4; lastKnownFileType = sourcecode.c.h; path = InAppSettingsPSMultiValueSpecifierCell.h; sourceTree = "<group>"; };
		05A5CF3F15C94B060097DB1C /* InAppSettingsPSMultiValueSpecifierCell.m */ = {isa = PBXFileReference; fileEncoding = 4; lastKnownFileType = sourcecode.c.objc; path = InAppSettingsPSMultiValueSpecifierCell.m; sourceTree = "<group>"; };
		05A5CF4015C94B060097DB1C /* InAppSettingsPSSliderSpecifierCell.h */ = {isa = PBXFileReference; fileEncoding = 4; lastKnownFileType = sourcecode.c.h; path = InAppSettingsPSSliderSpecifierCell.h; sourceTree = "<group>"; };
		05A5CF4115C94B060097DB1C /* InAppSettingsPSSliderSpecifierCell.m */ = {isa = PBXFileReference; fileEncoding = 4; lastKnownFileType = sourcecode.c.objc; path = InAppSettingsPSSliderSpecifierCell.m; sourceTree = "<group>"; };
		05A5CF4215C94B060097DB1C /* InAppSettingsPSTextFieldSpecifierCell.h */ = {isa = PBXFileReference; fileEncoding = 4; lastKnownFileType = sourcecode.c.h; path = InAppSettingsPSTextFieldSpecifierCell.h; sourceTree = "<group>"; };
		05A5CF4315C94B060097DB1C /* InAppSettingsPSTextFieldSpecifierCell.m */ = {isa = PBXFileReference; fileEncoding = 4; lastKnownFileType = sourcecode.c.objc; path = InAppSettingsPSTextFieldSpecifierCell.m; sourceTree = "<group>"; };
		05A5CF4415C94B060097DB1C /* InAppSettingsPSTitleValueSpecifierCell.h */ = {isa = PBXFileReference; fileEncoding = 4; lastKnownFileType = sourcecode.c.h; path = InAppSettingsPSTitleValueSpecifierCell.h; sourceTree = "<group>"; };
		05A5CF4515C94B060097DB1C /* InAppSettingsPSTitleValueSpecifierCell.m */ = {isa = PBXFileReference; fileEncoding = 4; lastKnownFileType = sourcecode.c.objc; path = InAppSettingsPSTitleValueSpecifierCell.m; sourceTree = "<group>"; };
		05A5CF4615C94B060097DB1C /* InAppSettingsPSToggleSwitchSpecifierCell.h */ = {isa = PBXFileReference; fileEncoding = 4; lastKnownFileType = sourcecode.c.h; path = InAppSettingsPSToggleSwitchSpecifierCell.h; sourceTree = "<group>"; };
		05A5CF4715C94B060097DB1C /* InAppSettingsPSToggleSwitchSpecifierCell.m */ = {isa = PBXFileReference; fileEncoding = 4; lastKnownFileType = sourcecode.c.objc; path = InAppSettingsPSToggleSwitchSpecifierCell.m; sourceTree = "<group>"; };
		05A5CF4815C94B060097DB1C /* InAppSettingsTableCell.h */ = {isa = PBXFileReference; fileEncoding = 4; lastKnownFileType = sourcecode.c.h; path = InAppSettingsTableCell.h; sourceTree = "<group>"; };
		05A5CF4915C94B060097DB1C /* InAppSettingsTableCell.m */ = {isa = PBXFileReference; fileEncoding = 4; lastKnownFileType = sourcecode.c.objc; path = InAppSettingsTableCell.m; sourceTree = "<group>"; };
		05A5CF4A15C94B060097DB1C /* InAppSettings.h */ = {isa = PBXFileReference; fileEncoding = 4; lastKnownFileType = sourcecode.c.h; path = InAppSettings.h; sourceTree = "<group>"; };
		05A5CF4B15C94B060097DB1C /* InAppSettings.m */ = {isa = PBXFileReference; fileEncoding = 4; lastKnownFileType = sourcecode.c.objc; path = InAppSettings.m; sourceTree = "<group>"; };
		05A5CF4C15C94B060097DB1C /* InAppSettings.png */ = {isa = PBXFileReference; lastKnownFileType = image.png; path = InAppSettings.png; sourceTree = "<group>"; };
		05A5CF4D15C94B060097DB1C /* InAppSettings@2x.png */ = {isa = PBXFileReference; lastKnownFileType = image.png; path = "InAppSettings@2x.png"; sourceTree = "<group>"; };
		05A5CF4E15C94B060097DB1C /* InAppSettingsConstants.h */ = {isa = PBXFileReference; fileEncoding = 4; lastKnownFileType = sourcecode.c.h; path = InAppSettingsConstants.h; sourceTree = "<group>"; };
		05A5CF4F15C94B060097DB1C /* InAppSettingsPSMultiValueSpecifierTable.h */ = {isa = PBXFileReference; fileEncoding = 4; lastKnownFileType = sourcecode.c.h; path = InAppSettingsPSMultiValueSpecifierTable.h; sourceTree = "<group>"; };
		05A5CF5015C94B060097DB1C /* InAppSettingsPSMultiValueSpecifierTable.m */ = {isa = PBXFileReference; fileEncoding = 4; lastKnownFileType = sourcecode.c.objc; path = InAppSettingsPSMultiValueSpecifierTable.m; sourceTree = "<group>"; };
		05A5CF5115C94B060097DB1C /* InAppSettingsReader.h */ = {isa = PBXFileReference; fileEncoding = 4; lastKnownFileType = sourcecode.c.h; path = InAppSettingsReader.h; sourceTree = "<group>"; };
		05A5CF5215C94B060097DB1C /* InAppSettingsReader.m */ = {isa = PBXFileReference; fileEncoding = 4; lastKnownFileType = sourcecode.c.objc; path = InAppSettingsReader.m; sourceTree = "<group>"; };
		05A5CF5315C94B060097DB1C /* InAppSettingsSpecifier.h */ = {isa = PBXFileReference; fileEncoding = 4; lastKnownFileType = sourcecode.c.h; path = InAppSettingsSpecifier.h; sourceTree = "<group>"; };
		05A5CF5415C94B060097DB1C /* InAppSettingsSpecifier.m */ = {isa = PBXFileReference; fileEncoding = 4; lastKnownFileType = sourcecode.c.objc; path = InAppSettingsSpecifier.m; sourceTree = "<group>"; };
		05D9322E15B9AEFB00983693 /* DreamState.app */ = {isa = PBXFileReference; explicitFileType = wrapper.application; includeInIndex = 0; path = DreamState.app; sourceTree = BUILT_PRODUCTS_DIR; };
		05D9323215B9AEFB00983693 /* UIKit.framework */ = {isa = PBXFileReference; lastKnownFileType = wrapper.framework; name = UIKit.framework; path = System/Library/Frameworks/UIKit.framework; sourceTree = SDKROOT; };
		05D9323415B9AEFB00983693 /* Foundation.framework */ = {isa = PBXFileReference; lastKnownFileType = wrapper.framework; name = Foundation.framework; path = System/Library/Frameworks/Foundation.framework; sourceTree = SDKROOT; };
		05D9323615B9AEFB00983693 /* CoreGraphics.framework */ = {isa = PBXFileReference; lastKnownFileType = wrapper.framework; name = CoreGraphics.framework; path = System/Library/Frameworks/CoreGraphics.framework; sourceTree = SDKROOT; };
		05D9323A15B9AEFB00983693 /* DreamState-Info.plist */ = {isa = PBXFileReference; lastKnownFileType = text.plist.xml; path = "DreamState-Info.plist"; sourceTree = "<group>"; };
		05D9323E15B9AEFB00983693 /* main.m */ = {isa = PBXFileReference; lastKnownFileType = sourcecode.c.objc; path = main.m; sourceTree = "<group>"; };
		05D9324015B9AEFB00983693 /* DreamState-Prefix.pch */ = {isa = PBXFileReference; lastKnownFileType = sourcecode.c.h; path = "DreamState-Prefix.pch"; sourceTree = "<group>"; };
		05D9324115B9AEFB00983693 /* AppDelegate.h */ = {isa = PBXFileReference; lastKnownFileType = sourcecode.c.h; path = AppDelegate.h; sourceTree = "<group>"; };
		05D9324215B9AEFB00983693 /* AppDelegate.m */ = {isa = PBXFileReference; lastKnownFileType = sourcecode.c.objc; path = AppDelegate.m; sourceTree = "<group>"; };
		05D9325215B9AEFB00983693 /* DreamStateTests.octest */ = {isa = PBXFileReference; explicitFileType = wrapper.cfbundle; includeInIndex = 0; path = DreamStateTests.octest; sourceTree = BUILT_PRODUCTS_DIR; };
		05D9325315B9AEFB00983693 /* SenTestingKit.framework */ = {isa = PBXFileReference; lastKnownFileType = wrapper.framework; name = SenTestingKit.framework; path = Library/Frameworks/SenTestingKit.framework; sourceTree = DEVELOPER_DIR; };
		05D9325B15B9AEFB00983693 /* DreamStateTests-Info.plist */ = {isa = PBXFileReference; lastKnownFileType = text.plist.xml; path = "DreamStateTests-Info.plist"; sourceTree = "<group>"; };
		05D9325F15B9AEFB00983693 /* DreamStateTests.h */ = {isa = PBXFileReference; lastKnownFileType = sourcecode.c.h; path = DreamStateTests.h; sourceTree = "<group>"; };
		05D9326015B9AEFB00983693 /* DreamStateTests.m */ = {isa = PBXFileReference; lastKnownFileType = sourcecode.c.objc; path = DreamStateTests.m; sourceTree = "<group>"; };
		05D9326F15B9B8FB00983693 /* AlarmViewController.h */ = {isa = PBXFileReference; fileEncoding = 4; lastKnownFileType = sourcecode.c.h; path = AlarmViewController.h; sourceTree = "<group>"; };
		05D9327015B9B8FB00983693 /* AlarmViewController.m */ = {isa = PBXFileReference; fileEncoding = 4; lastKnownFileType = sourcecode.c.objc; path = AlarmViewController.m; sourceTree = "<group>"; };
		05D9327115B9B8FB00983693 /* AlarmViewController.xib */ = {isa = PBXFileReference; fileEncoding = 4; lastKnownFileType = file.xib; path = AlarmViewController.xib; sourceTree = "<group>"; };
		05D9327415B9B96400983693 /* CurrentDreamsViewController.h */ = {isa = PBXFileReference; fileEncoding = 4; lastKnownFileType = sourcecode.c.h; path = CurrentDreamsViewController.h; sourceTree = "<group>"; };
		05D9327515B9B96400983693 /* CurrentDreamsViewController.m */ = {isa = PBXFileReference; fileEncoding = 4; lastKnownFileType = sourcecode.c.objc; path = CurrentDreamsViewController.m; sourceTree = "<group>"; };
		05D9327615B9B96400983693 /* CurrentDreamsViewController.xib */ = {isa = PBXFileReference; fileEncoding = 4; lastKnownFileType = file.xib; path = CurrentDreamsViewController.xib; sourceTree = "<group>"; };
		05D9327915B9B97A00983693 /* RecordDreamViewController.h */ = {isa = PBXFileReference; fileEncoding = 4; lastKnownFileType = sourcecode.c.h; path = RecordDreamViewController.h; sourceTree = "<group>"; };
		05D9327A15B9B97A00983693 /* RecordDreamViewController.m */ = {isa = PBXFileReference; fileEncoding = 4; lastKnownFileType = sourcecode.c.objc; path = RecordDreamViewController.m; sourceTree = "<group>"; };
		05D9327B15B9B97A00983693 /* RecordDreamViewController.xib */ = {isa = PBXFileReference; fileEncoding = 4; lastKnownFileType = file.xib; path = RecordDreamViewController.xib; sourceTree = "<group>"; };
		05D9328015B9BC8700983693 /* AVFoundation.framework */ = {isa = PBXFileReference; lastKnownFileType = wrapper.framework; name = AVFoundation.framework; path = System/Library/Frameworks/AVFoundation.framework; sourceTree = SDKROOT; };
		05D9328615B9C82900983693 /* SelectedDreamViewController.h */ = {isa = PBXFileReference; fileEncoding = 4; lastKnownFileType = sourcecode.c.h; path = SelectedDreamViewController.h; sourceTree = "<group>"; };
		05D9328715B9C82900983693 /* SelectedDreamViewController.m */ = {isa = PBXFileReference; fileEncoding = 4; lastKnownFileType = sourcecode.c.objc; path = SelectedDreamViewController.m; sourceTree = "<group>"; };
		05D9328815B9C82900983693 /* SelectedDreamViewController.xib */ = {isa = PBXFileReference; fileEncoding = 4; lastKnownFileType = file.xib; path = SelectedDreamViewController.xib; sourceTree = "<group>"; };
		05E0E30E15BFF92B005BAEF0 /* MediaPlayer.framework */ = {isa = PBXFileReference; lastKnownFileType = wrapper.framework; name = MediaPlayer.framework; path = System/Library/Frameworks/MediaPlayer.framework; sourceTree = SDKROOT; };
		05E5AA0415D2728F004684E0 /* AlarmLabelViewController.h */ = {isa = PBXFileReference; fileEncoding = 4; lastKnownFileType = sourcecode.c.h; path = AlarmLabelViewController.h; sourceTree = "<group>"; };
		05E5AA0515D27290004684E0 /* AlarmLabelViewController.m */ = {isa = PBXFileReference; fileEncoding = 4; lastKnownFileType = sourcecode.c.objc; path = AlarmLabelViewController.m; sourceTree = "<group>"; };
		05E5AA0615D27290004684E0 /* AlarmLabelViewController.xib */ = {isa = PBXFileReference; fileEncoding = 4; lastKnownFileType = file.xib; path = AlarmLabelViewController.xib; sourceTree = "<group>"; };
		05E5AA0915D2C666004684E0 /* CoreData.framework */ = {isa = PBXFileReference; lastKnownFileType = wrapper.framework; name = CoreData.framework; path = System/Library/Frameworks/CoreData.framework; sourceTree = SDKROOT; };
		05E5AA0F15D2D4E5004684E0 /* DreamState.xcdatamodel */ = {isa = PBXFileReference; lastKnownFileType = wrapper.xcdatamodel; path = DreamState.xcdatamodel; sourceTree = "<group>"; };
		05E5AA6A15D2E7D3004684E0 /* Day.h */ = {isa = PBXFileReference; fileEncoding = 4; lastKnownFileType = sourcecode.c.h; path = Day.h; sourceTree = "<group>"; };
		05E5AA6B15D2E7D5004684E0 /* Day.m */ = {isa = PBXFileReference; fileEncoding = 4; lastKnownFileType = sourcecode.c.objc; path = Day.m; sourceTree = "<group>"; };
		05E5AA7315D3C49F004684E0 /* AlarmDaysViewController.h */ = {isa = PBXFileReference; fileEncoding = 4; lastKnownFileType = sourcecode.c.h; path = AlarmDaysViewController.h; sourceTree = "<group>"; };
		05E5AA7415D3C4A0004684E0 /* AlarmDaysViewController.m */ = {isa = PBXFileReference; fileEncoding = 4; lastKnownFileType = sourcecode.c.objc; path = AlarmDaysViewController.m; sourceTree = "<group>"; };
		05E5AA7515D3C4A2004684E0 /* AlarmDaysViewController.xib */ = {isa = PBXFileReference; fileEncoding = 4; lastKnownFileType = file.xib; path = AlarmDaysViewController.xib; sourceTree = "<group>"; };
		05E5AA7A15D40D8F004684E0 /* NotificationLoader.h */ = {isa = PBXFileReference; fileEncoding = 4; lastKnownFileType = sourcecode.c.h; path = NotificationLoader.h; sourceTree = "<group>"; };
		05E5AA7B15D40D8F004684E0 /* NotificationLoader.m */ = {isa = PBXFileReference; fileEncoding = 4; lastKnownFileType = sourcecode.c.objc; path = NotificationLoader.m; sourceTree = "<group>"; };
		05E5AA8615D56C90004684E0 /* Alarm.h */ = {isa = PBXFileReference; fileEncoding = 4; lastKnownFileType = sourcecode.c.h; path = Alarm.h; sourceTree = "<group>"; };
		05E5AA8715D56C90004684E0 /* Alarm.m */ = {isa = PBXFileReference; fileEncoding = 4; lastKnownFileType = sourcecode.c.objc; path = Alarm.m; sourceTree = "<group>"; };
		05E5AA8915D56CD0004684E0 /* Dream.h */ = {isa = PBXFileReference; fileEncoding = 4; lastKnownFileType = sourcecode.c.h; path = Dream.h; sourceTree = "<group>"; };
		05E5AA8A15D56CD0004684E0 /* Dream.m */ = {isa = PBXFileReference; fileEncoding = 4; lastKnownFileType = sourcecode.c.objc; path = Dream.m; sourceTree = "<group>"; };
		05E5AA8C15D56D9D004684E0 /* DreamState 2.xcdatamodel */ = {isa = PBXFileReference; lastKnownFileType = wrapper.xcdatamodel; path = "DreamState 2.xcdatamodel"; sourceTree = "<group>"; };
		05E5AA8D15D8F09D004684E0 /* Alarmhelper.h */ = {isa = PBXFileReference; fileEncoding = 4; lastKnownFileType = sourcecode.c.h; path = Alarmhelper.h; sourceTree = "<group>"; };
		05E5AA8E15D8F09E004684E0 /* Alarmhelper.m */ = {isa = PBXFileReference; fileEncoding = 4; lastKnownFileType = sourcecode.c.objc; path = Alarmhelper.m; sourceTree = "<group>"; };
		05E8CE1015E54462007EDF8F /* 11-clock.png */ = {isa = PBXFileReference; lastKnownFileType = image.png; path = "11-clock.png"; sourceTree = "<group>"; };
		05E8CE1815E5454D007EDF8F /* play@2x.png */ = {isa = PBXFileReference; lastKnownFileType = image.png; path = "play@2x.png"; sourceTree = "<group>"; };
		05E8CE1A15E54556007EDF8F /* record@2x.png */ = {isa = PBXFileReference; lastKnownFileType = image.png; path = "record@2x.png"; sourceTree = "<group>"; };
		05E8CE1E15E546B9007EDF8F /* play@1x.png */ = {isa = PBXFileReference; lastKnownFileType = image.png; path = "play@1x.png"; sourceTree = "<group>"; };
		05E8CE2515E7CD4D007EDF8F /* AlarmSoundViewController.h */ = {isa = PBXFileReference; fileEncoding = 4; lastKnownFileType = sourcecode.c.h; path = AlarmSoundViewController.h; sourceTree = "<group>"; };
		05E8CE2615E7CD4D007EDF8F /* AlarmSoundViewController.m */ = {isa = PBXFileReference; fileEncoding = 4; lastKnownFileType = sourcecode.c.objc; path = AlarmSoundViewController.m; sourceTree = "<group>"; };
		05E8CE2715E7CD4E007EDF8F /* AlarmSoundViewController.xib */ = {isa = PBXFileReference; fileEncoding = 4; lastKnownFileType = file.xib; path = AlarmSoundViewController.xib; sourceTree = "<group>"; };
/* End PBXFileReference section */

/* Begin PBXFrameworksBuildPhase section */
		05D9322B15B9AEFB00983693 /* Frameworks */ = {
			isa = PBXFrameworksBuildPhase;
			buildActionMask = 2147483647;
			files = (
				052FEDCE15F8F5BE0014DC37 /* libz.dylib in Frameworks */,
				0589FC0815EF5F1C00121B9C /* AudioToolbox.framework in Frameworks */,
				05E5AA0A15D2C666004684E0 /* CoreData.framework in Frameworks */,
				05E0E30F15BFF92B005BAEF0 /* MediaPlayer.framework in Frameworks */,
				05209D0D15BF3FA4001C66CF /* QuartzCore.framework in Frameworks */,
				05209D0B15BF3F9D001C66CF /* MobileCoreServices.framework in Frameworks */,
				05209D0915BF3F8C001C66CF /* AssetsLibrary.framework in Frameworks */,
				05209CF115BF3B10001C66CF /* CoreMedia.framework in Frameworks */,
				05D9328115B9BC8700983693 /* AVFoundation.framework in Frameworks */,
				05D9323315B9AEFB00983693 /* UIKit.framework in Frameworks */,
				05D9323515B9AEFB00983693 /* Foundation.framework in Frameworks */,
				05D9323715B9AEFB00983693 /* CoreGraphics.framework in Frameworks */,
				052FEDCC15F8F4CA0014DC37 /* libTestFlight.a in Frameworks */,
			);
			runOnlyForDeploymentPostprocessing = 0;
		};
		05D9324E15B9AEFB00983693 /* Frameworks */ = {
			isa = PBXFrameworksBuildPhase;
			buildActionMask = 2147483647;
			files = (
				05D9325415B9AEFB00983693 /* SenTestingKit.framework in Frameworks */,
				05D9325515B9AEFB00983693 /* UIKit.framework in Frameworks */,
				05D9325615B9AEFB00983693 /* Foundation.framework in Frameworks */,
			);
			runOnlyForDeploymentPostprocessing = 0;
		};
/* End PBXFrameworksBuildPhase section */

/* Begin PBXGroup section */
		05209CF615BF3D57001C66CF /* DIYCam */ = {
			isa = PBXGroup;
			children = (
				05209CFE15BF3DD0001C66CF /* UIImage+Resize.h */,
				05209CFF15BF3DD0001C66CF /* UIImage+Resize.m */,
				05209D0015BF3DD0001C66CF /* UIImage+Save.h */,
				05209D0115BF3DD0001C66CF /* UIImage+Save.m */,
				05209CF715BF3D69001C66CF /* DIYCam.h */,
				05209CF815BF3D69001C66CF /* DIYCam.m */,
				05209CF915BF3D69001C66CF /* DIYCamDefaults.h */,
				05209CFA15BF3D69001C66CF /* DIYCamUtilities.h */,
				05209CFB15BF3D69001C66CF /* DIYCamUtilities.m */,
			);
			name = DIYCam;
			sourceTree = "<group>";
		};
		052FEDC315F8CD240014DC37 /* Alarm Sounds */ = {
			isa = PBXGroup;
			children = (
				056C699D1603362600B3D06D /* Alarm bell 2.m4a */,
				056C699E1603362600B3D06D /* Alarm bell 1.m4a */,
				056C699516032DD700B3D06D /* A Mind of Its Own.m4a */,
				056C699616032DD700B3D06D /* Blurred Atmospheres.m4a */,
				056C699716032DD800B3D06D /* Hard as Nails.m4a */,
				056C699816032DD800B3D06D /* High Action.m4a */,
				056C6978160213AA00B3D06D /* Piano beat.m4a */,
				056C696E1602132D00B3D06D /* Antique.m4a */,
				056C696F1602132D00B3D06D /* Bells.m4a */,
				056C69701602132D00B3D06D /* Birds.m4a */,
				056C69711602132D00B3D06D /* Candy.m4a */,
			);
			name = "Alarm Sounds";
			sourceTree = "<group>";
		};
		052FEDC415F8CD880014DC37 /* Fonts */ = {
			isa = PBXGroup;
			children = (
				059A9C1A15EB93580054F114 /* Solari.ttf */,
				059A9C1815EB90430054F114 /* Electrorocket.ttf */,
				059A9C1615EB90210054F114 /* nineteen.ttf */,
				059A9C1315EB6F5B0054F114 /* DS-DIGI.TTF */,
				059A9C1015EB6DD40054F114 /* DS-Digital.ttf */,
			);
			name = Fonts;
			sourceTree = "<group>";
		};
		052FEDC915F8F4B90014DC37 /* TestFlight */ = {
			isa = PBXGroup;
			children = (
				052FEDCA15F8F4CA0014DC37 /* libTestFlight.a */,
				052FEDCB15F8F4CA0014DC37 /* TestFlight.h */,
			);
			name = TestFlight;
			sourceTree = "<group>";
		};
		056C69A71604A0D400B3D06D /* About */ = {
			isa = PBXGroup;
			children = (
				056C69A216049FD100B3D06D /* AboutViewController.h */,
				056C69A316049FD200B3D06D /* AboutViewController.m */,
				056C69A416049FD400B3D06D /* AboutViewController.xib */,
				056C69A81604A10500B3D06D /* TOCViewController.h */,
				056C69A91604A10500B3D06D /* TOCViewController.m */,
				056C69AA1604A10500B3D06D /* TOCViewController.xib */,
				056C69AD1604A11F00B3D06D /* HowToViewController.h */,
				056C69AE1604A11F00B3D06D /* HowToViewController.m */,
				056C69C51604FEE800B3D06D /* HowToViewController.xib */,
				056C69B21604A63100B3D06D /* LegalViewController.h */,
				056C69B31604A63100B3D06D /* LegalViewController.m */,
				056C69B41604A63100B3D06D /* LegalViewController.xib */,
			);
			name = About;
			sourceTree = "<group>";
		};
		05A5CE1A15C8281A0097DB1C /* AlarmClock */ = {
			isa = PBXGroup;
			children = (
				05A5CE1815C824A70097DB1C /* AlarmClock.plist */,
				05D9326F15B9B8FB00983693 /* AlarmViewController.h */,
				05D9327015B9B8FB00983693 /* AlarmViewController.m */,
				05D9327115B9B8FB00983693 /* AlarmViewController.xib */,
				05A5CE1315C80AA50097DB1C /* AlarmListViewController.h */,
				05A5CE1415C80AA50097DB1C /* AlarmListViewController.m */,
				05A5CE1515C80AA60097DB1C /* AlarmListViewController.xib */,
				05E5AA0415D2728F004684E0 /* AlarmLabelViewController.h */,
				05E5AA0515D27290004684E0 /* AlarmLabelViewController.m */,
				05E5AA0615D27290004684E0 /* AlarmLabelViewController.xib */,
				05E8CE2515E7CD4D007EDF8F /* AlarmSoundViewController.h */,
				05E8CE2615E7CD4D007EDF8F /* AlarmSoundViewController.m */,
				05E8CE2715E7CD4E007EDF8F /* AlarmSoundViewController.xib */,
				05E5AA7315D3C49F004684E0 /* AlarmDaysViewController.h */,
				05E5AA7415D3C4A0004684E0 /* AlarmDaysViewController.m */,
				05E5AA7515D3C4A2004684E0 /* AlarmDaysViewController.xib */,
				05E5AA8D15D8F09D004684E0 /* Alarmhelper.h */,
				05E5AA8E15D8F09E004684E0 /* Alarmhelper.m */,
			);
			name = AlarmClock;
			sourceTree = "<group>";
		};
		05A5CF3A15C94B040097DB1C /* InAppSettings */ = {
			isa = PBXGroup;
			children = (
				05A5CF3B15C94B060097DB1C /* Cells */,
				05A5CF4A15C94B060097DB1C /* InAppSettings.h */,
				05A5CF4B15C94B060097DB1C /* InAppSettings.m */,
				05A5CF4C15C94B060097DB1C /* InAppSettings.png */,
				05A5CF4D15C94B060097DB1C /* InAppSettings@2x.png */,
				05A5CF4E15C94B060097DB1C /* InAppSettingsConstants.h */,
				05A5CF4F15C94B060097DB1C /* InAppSettingsPSMultiValueSpecifierTable.h */,
				05A5CF5015C94B060097DB1C /* InAppSettingsPSMultiValueSpecifierTable.m */,
				05A5CF5115C94B060097DB1C /* InAppSettingsReader.h */,
				05A5CF5215C94B060097DB1C /* InAppSettingsReader.m */,
				05A5CF5315C94B060097DB1C /* InAppSettingsSpecifier.h */,
				05A5CF5415C94B060097DB1C /* InAppSettingsSpecifier.m */,
			);
			path = InAppSettings;
			sourceTree = "<group>";
		};
		05A5CF3B15C94B060097DB1C /* Cells */ = {
			isa = PBXGroup;
			children = (
				05A5CF3C15C94B060097DB1C /* InAppSettingsPSChildPaneSpecifierCell.h */,
				05A5CF3D15C94B060097DB1C /* InAppSettingsPSChildPaneSpecifierCell.m */,
				05A5CF3E15C94B060097DB1C /* InAppSettingsPSMultiValueSpecifierCell.h */,
				05A5CF3F15C94B060097DB1C /* InAppSettingsPSMultiValueSpecifierCell.m */,
				05A5CF4015C94B060097DB1C /* InAppSettingsPSSliderSpecifierCell.h */,
				05A5CF4115C94B060097DB1C /* InAppSettingsPSSliderSpecifierCell.m */,
				05A5CF4215C94B060097DB1C /* InAppSettingsPSTextFieldSpecifierCell.h */,
				05A5CF4315C94B060097DB1C /* InAppSettingsPSTextFieldSpecifierCell.m */,
				05A5CF4415C94B060097DB1C /* InAppSettingsPSTitleValueSpecifierCell.h */,
				05A5CF4515C94B060097DB1C /* InAppSettingsPSTitleValueSpecifierCell.m */,
				05A5CF4615C94B060097DB1C /* InAppSettingsPSToggleSwitchSpecifierCell.h */,
				05A5CF4715C94B060097DB1C /* InAppSettingsPSToggleSwitchSpecifierCell.m */,
				05A5CF4815C94B060097DB1C /* InAppSettingsTableCell.h */,
				05A5CF4915C94B060097DB1C /* InAppSettingsTableCell.m */,
			);
			path = Cells;
			sourceTree = "<group>";
		};
		05D9322315B9AEFB00983693 = {
			isa = PBXGroup;
			children = (
				052FEDCD15F8F5BC0014DC37 /* libz.dylib */,
				0589FC0715EF5F1B00121B9C /* AudioToolbox.framework */,
				05A5CE8E15C9395F0097DB1C /* MessageUI.framework */,
				05E0E30E15BFF92B005BAEF0 /* MediaPlayer.framework */,
				05209D0C15BF3FA4001C66CF /* QuartzCore.framework */,
				05209D0A15BF3F9D001C66CF /* MobileCoreServices.framework */,
				05209D0815BF3F8C001C66CF /* AssetsLibrary.framework */,
				05209CF015BF3B10001C66CF /* CoreMedia.framework */,
				05D9328015B9BC8700983693 /* AVFoundation.framework */,
				05E5AA0915D2C666004684E0 /* CoreData.framework */,
				05D9323815B9AEFB00983693 /* DreamState */,
				05D9325915B9AEFB00983693 /* DreamStateTests */,
				05D9323115B9AEFB00983693 /* Frameworks */,
				05D9322F15B9AEFB00983693 /* Products */,
			);
			sourceTree = "<group>";
		};
		05D9322F15B9AEFB00983693 /* Products */ = {
			isa = PBXGroup;
			children = (
				05D9322E15B9AEFB00983693 /* DreamState.app */,
				05D9325215B9AEFB00983693 /* DreamStateTests.octest */,
			);
			name = Products;
			sourceTree = "<group>";
		};
		05D9323115B9AEFB00983693 /* Frameworks */ = {
			isa = PBXGroup;
			children = (
				05D9323215B9AEFB00983693 /* UIKit.framework */,
				05D9323415B9AEFB00983693 /* Foundation.framework */,
				05D9323615B9AEFB00983693 /* CoreGraphics.framework */,
				05D9325315B9AEFB00983693 /* SenTestingKit.framework */,
			);
			name = Frameworks;
			sourceTree = "<group>";
		};
		05D9323815B9AEFB00983693 /* DreamState */ = {
			isa = PBXGroup;
			children = (
				056C69A71604A0D400B3D06D /* About */,
				052FEDC915F8F4B90014DC37 /* TestFlight */,
				05E5AA7915D40D65004684E0 /* Notification */,
				05E5AA7815D403F1004684E0 /* Recording */,
				05E5AA6D15D3BC6A004684E0 /* Entities */,
				05A5CF3A15C94B040097DB1C /* InAppSettings */,
				05A5CE1A15C8281A0097DB1C /* AlarmClock */,
				05209CF615BF3D57001C66CF /* DIYCam */,
				05D9324115B9AEFB00983693 /* AppDelegate.h */,
				05D9324215B9AEFB00983693 /* AppDelegate.m */,
				058FCCD515DB9FA50030A4D9 /* HomeViewController.h */,
				058FCCD615DB9FA50030A4D9 /* HomeViewController.m */,
				058FCCD715DB9FA50030A4D9 /* HomeViewController.xib */,
				05D9323915B9AEFB00983693 /* Supporting Files */,
				052FEDD715FB7E240014DC37 /* UITextFieldNoMenu.h */,
				052FEDD815FB7E270014DC37 /* UITextFieldNoMenu.m */,
			);
			path = DreamState;
			sourceTree = "<group>";
		};
		05D9323915B9AEFB00983693 /* Supporting Files */ = {
			isa = PBXGroup;
			children = (
				056C69BB1604FE0F00B3D06D /* Notifications2.png */,
				056C69BC1604FE1200B3D06D /* Notifications3.png */,
				056C69BD1604FE1500B3D06D /* Notifications.png */,
				056C699316021D1C00B3D06D /* icon@2x.png */,
				056C698C16021C2B00B3D06D /* icon.png */,
				052FEDEB15FE17AA0014DC37 /* dreamstaterecordimage.png */,
				052FEDC515F8CDDE0014DC37 /* AccDisclosure.png */,
				052FEDC415F8CD880014DC37 /* Fonts */,
				052FEDC315F8CD240014DC37 /* Alarm Sounds */,
				052FEDBC15F8963D0014DC37 /* dslogocroppedtransparent.png */,
				052FEDBA15F8918E0014DC37 /* dslogocropped.jpg */,
				051F646315F4E5FB00CFF594 /* whitex.png */,
				059A9C1E15ECF9A80054F114 /* blackalarmbell.png */,
				05E8CDF815E4DB0C007EDF8F /* NavBarIcons */,
				05D9323A15B9AEFB00983693 /* DreamState-Info.plist */,
				05D9323E15B9AEFB00983693 /* main.m */,
				05D9324015B9AEFB00983693 /* DreamState-Prefix.pch */,
				052FEDF71600C87E0014DC37 /* Dream.h */,
				052FEDF81600C8800014DC37 /* Dream.m */,
				05E5AA0E15D2D4E5004684E0 /* DreamState.xcdatamodeld */,
			);
			name = "Supporting Files";
			sourceTree = "<group>";
		};
		05D9325915B9AEFB00983693 /* DreamStateTests */ = {
			isa = PBXGroup;
			children = (
				05D9325F15B9AEFB00983693 /* DreamStateTests.h */,
				05D9326015B9AEFB00983693 /* DreamStateTests.m */,
				05D9325A15B9AEFB00983693 /* Supporting Files */,
			);
			path = DreamStateTests;
			sourceTree = "<group>";
		};
		05D9325A15B9AEFB00983693 /* Supporting Files */ = {
			isa = PBXGroup;
			children = (
				05D9325B15B9AEFB00983693 /* DreamStateTests-Info.plist */,
			);
			name = "Supporting Files";
			sourceTree = "<group>";
		};
		05E5AA6D15D3BC6A004684E0 /* Entities */ = {
			isa = PBXGroup;
			children = (
				056C69B81604D68300B3D06D /* Settings.h */,
				056C69B91604D68400B3D06D /* Settings.m */,
				05E5AA8615D56C90004684E0 /* Alarm.h */,
				05E5AA8715D56C90004684E0 /* Alarm.m */,
				05E5AA8915D56CD0004684E0 /* Dream.h */,
				05E5AA8A15D56CD0004684E0 /* Dream.m */,
				05E5AA6A15D2E7D3004684E0 /* Day.h */,
				05E5AA6B15D2E7D5004684E0 /* Day.m */,
			);
			name = Entities;
			sourceTree = "<group>";
		};
		05E5AA7815D403F1004684E0 /* Recording */ = {
			isa = PBXGroup;
			children = (
				05D9327915B9B97A00983693 /* RecordDreamViewController.h */,
				05D9327A15B9B97A00983693 /* RecordDreamViewController.m */,
				05D9327B15B9B97A00983693 /* RecordDreamViewController.xib */,
				05D9327415B9B96400983693 /* CurrentDreamsViewController.h */,
				05D9327515B9B96400983693 /* CurrentDreamsViewController.m */,
				05D9327615B9B96400983693 /* CurrentDreamsViewController.xib */,
				05D9328615B9C82900983693 /* SelectedDreamViewController.h */,
				05D9328715B9C82900983693 /* SelectedDreamViewController.m */,
				05D9328815B9C82900983693 /* SelectedDreamViewController.xib */,
				058FCCEC15DD31C10030A4D9 /* SineWaveView.h */,
				058FCCED15DD31C10030A4D9 /* SineWaveView.m */,
			);
			name = Recording;
			sourceTree = "<group>";
		};
		05E5AA7915D40D65004684E0 /* Notification */ = {
			isa = PBXGroup;
			children = (
				05E5AA7A15D40D8F004684E0 /* NotificationLoader.h */,
				05E5AA7B15D40D8F004684E0 /* NotificationLoader.m */,
			);
			name = Notification;
			sourceTree = "<group>";
		};
		05E8CDF815E4DB0C007EDF8F /* NavBarIcons */ = {
			isa = PBXGroup;
			children = (
				052FEDED15FE321B0014DC37 /* dshome.png */,
				052FEDC715F8EA3E0014DC37 /* information.png */,
				052FEDB815F7AB120014DC37 /* iconnav2.png */,
				05E8CE1E15E546B9007EDF8F /* play@1x.png */,
				05E8CE1A15E54556007EDF8F /* record@2x.png */,
				05E8CE1815E5454D007EDF8F /* play@2x.png */,
				05E8CE1015E54462007EDF8F /* 11-clock.png */,
			);
			name = NavBarIcons;
			sourceTree = "<group>";
		};
/* End PBXGroup section */

/* Begin PBXNativeTarget section */
		05D9322D15B9AEFB00983693 /* DreamState */ = {
			isa = PBXNativeTarget;
			buildConfigurationList = 05D9326415B9AEFB00983693 /* Build configuration list for PBXNativeTarget "DreamState" */;
			buildPhases = (
				056C69A116033D5600B3D06D /* ShellScript */,
				05D9322A15B9AEFB00983693 /* Sources */,
				05D9322B15B9AEFB00983693 /* Frameworks */,
				05D9322C15B9AEFB00983693 /* Resources */,
			);
			buildRules = (
			);
			dependencies = (
			);
			name = DreamState;
			productName = DreamState;
			productReference = 05D9322E15B9AEFB00983693 /* DreamState.app */;
			productType = "com.apple.product-type.application";
		};
		05D9325115B9AEFB00983693 /* DreamStateTests */ = {
			isa = PBXNativeTarget;
			buildConfigurationList = 05D9326715B9AEFB00983693 /* Build configuration list for PBXNativeTarget "DreamStateTests" */;
			buildPhases = (
				05D9324D15B9AEFB00983693 /* Sources */,
				05D9324E15B9AEFB00983693 /* Frameworks */,
				05D9324F15B9AEFB00983693 /* Resources */,
				05D9325015B9AEFB00983693 /* ShellScript */,
			);
			buildRules = (
			);
			dependencies = (
				05D9325815B9AEFB00983693 /* PBXTargetDependency */,
			);
			name = DreamStateTests;
			productName = DreamStateTests;
			productReference = 05D9325215B9AEFB00983693 /* DreamStateTests.octest */;
			productType = "com.apple.product-type.bundle";
		};
/* End PBXNativeTarget section */

/* Begin PBXProject section */
		05D9322515B9AEFB00983693 /* Project object */ = {
			isa = PBXProject;
			attributes = {
				LastUpgradeCheck = 0430;
				ORGANIZATIONNAME = NA;
			};
			buildConfigurationList = 05D9322815B9AEFB00983693 /* Build configuration list for PBXProject "DreamState" */;
			compatibilityVersion = "Xcode 3.2";
			developmentRegion = English;
			hasScannedForEncodings = 0;
			knownRegions = (
				en,
			);
			mainGroup = 05D9322315B9AEFB00983693;
			productRefGroup = 05D9322F15B9AEFB00983693 /* Products */;
			projectDirPath = "";
			projectRoot = "";
			targets = (
				05D9322D15B9AEFB00983693 /* DreamState */,
				05D9325115B9AEFB00983693 /* DreamStateTests */,
			);
		};
/* End PBXProject section */

/* Begin PBXResourcesBuildPhase section */
		05D9322C15B9AEFB00983693 /* Resources */ = {
			isa = PBXResourcesBuildPhase;
			buildActionMask = 2147483647;
			files = (
				05A198D81609BE7300ED1ACD /* HomeViewController.xib in Resources */,
				05D9327315B9B8FB00983693 /* AlarmViewController.xib in Resources */,
				05D9327815B9B96400983693 /* CurrentDreamsViewController.xib in Resources */,
				05D9327D15B9B97A00983693 /* RecordDreamViewController.xib in Resources */,
				05D9328A15B9C82900983693 /* SelectedDreamViewController.xib in Resources */,
				05A5CE1715C80AA70097DB1C /* AlarmListViewController.xib in Resources */,
				05A5CE1915C824A70097DB1C /* AlarmClock.plist in Resources */,
				05A5CF5D15C94B060097DB1C /* InAppSettings.png in Resources */,
				05A5CF5E15C94B060097DB1C /* InAppSettings@2x.png in Resources */,
				05E5AA0815D27290004684E0 /* AlarmLabelViewController.xib in Resources */,
				05E5AA7715D3C4A6004684E0 /* AlarmDaysViewController.xib in Resources */,
				05E8CE1115E54462007EDF8F /* 11-clock.png in Resources */,
				05E8CE1915E5454D007EDF8F /* play@2x.png in Resources */,
				05E8CE1B15E54556007EDF8F /* record@2x.png in Resources */,
				05E8CE1F15E546B9007EDF8F /* play@1x.png in Resources */,
				05E8CE2915E7CD4E007EDF8F /* AlarmSoundViewController.xib in Resources */,
				059A9C1115EB6DD40054F114 /* DS-Digital.ttf in Resources */,
				059A9C1415EB6F5B0054F114 /* DS-DIGI.TTF in Resources */,
				059A9C1715EB90210054F114 /* nineteen.ttf in Resources */,
				059A9C1915EB90430054F114 /* Electrorocket.ttf in Resources */,
				059A9C1B15EB93580054F114 /* Solari.ttf in Resources */,
				059A9C1F15ECF9A80054F114 /* blackalarmbell.png in Resources */,
				051F646415F4E5FB00CFF594 /* whitex.png in Resources */,
				052FEDB915F7AB120014DC37 /* iconnav2.png in Resources */,
				052FEDBB15F8918E0014DC37 /* dslogocropped.jpg in Resources */,
				052FEDBD15F8963E0014DC37 /* dslogocroppedtransparent.png in Resources */,
				052FEDC615F8CDDE0014DC37 /* AccDisclosure.png in Resources */,
				052FEDC815F8EA3F0014DC37 /* information.png in Resources */,
				052FEDEC15FE17AB0014DC37 /* dreamstaterecordimage.png in Resources */,
				052FEDEE15FE321B0014DC37 /* dshome.png in Resources */,
				056C69731602132D00B3D06D /* Antique.m4a in Resources */,
				056C69741602132D00B3D06D /* Bells.m4a in Resources */,
				056C69751602132D00B3D06D /* Birds.m4a in Resources */,
				056C69761602132D00B3D06D /* Candy.m4a in Resources */,
				056C6979160213AA00B3D06D /* Piano beat.m4a in Resources */,
				056C699216021D1500B3D06D /* icon.png in Resources */,
				056C699416021D1C00B3D06D /* icon@2x.png in Resources */,
				056C699916032DD800B3D06D /* A Mind of Its Own.m4a in Resources */,
				056C699A16032DD800B3D06D /* Blurred Atmospheres.m4a in Resources */,
				056C699B16032DD800B3D06D /* Hard as Nails.m4a in Resources */,
				056C699C16032DD800B3D06D /* High Action.m4a in Resources */,
				056C699F1603362600B3D06D /* Alarm bell 2.m4a in Resources */,
				056C69A01603362600B3D06D /* Alarm bell 1.m4a in Resources */,
				056C69A616049FD500B3D06D /* AboutViewController.xib in Resources */,
				056C69AC1604A10500B3D06D /* TOCViewController.xib in Resources */,
				056C69C41604FEE800B3D06D /* HowToViewController.xib in Resources */,
				056C69B61604A63100B3D06D /* LegalViewController.xib in Resources */,
				056C69BE1604FE1600B3D06D /* Notifications2.png in Resources */,
				056C69BF1604FE1600B3D06D /* Notifications3.png in Resources */,
				056C69C01604FE1600B3D06D /* Notifications.png in Resources */,
			);
			runOnlyForDeploymentPostprocessing = 0;
		};
		05D9324F15B9AEFB00983693 /* Resources */ = {
			isa = PBXResourcesBuildPhase;
			buildActionMask = 2147483647;
			files = (
			);
			runOnlyForDeploymentPostprocessing = 0;
		};
/* End PBXResourcesBuildPhase section */

/* Begin PBXShellScriptBuildPhase section */
		056C69A116033D5600B3D06D /* ShellScript */ = {
			isa = PBXShellScriptBuildPhase;
			buildActionMask = 2147483647;
			files = (
			);
			inputPaths = (
			);
			outputPaths = (
			);
			runOnlyForDeploymentPostprocessing = 0;
			shellPath = /bin/sh;
			shellScript = "";
		};
		05D9325015B9AEFB00983693 /* ShellScript */ = {
			isa = PBXShellScriptBuildPhase;
			buildActionMask = 2147483647;
			files = (
			);
			inputPaths = (
			);
			outputPaths = (
			);
			runOnlyForDeploymentPostprocessing = 0;
			shellPath = /bin/sh;
			shellScript = "# Run the unit tests in this test bundle.\n\"${SYSTEM_DEVELOPER_DIR}/Tools/RunUnitTests\"\n";
		};
/* End PBXShellScriptBuildPhase section */

/* Begin PBXSourcesBuildPhase section */
		05D9322A15B9AEFB00983693 /* Sources */ = {
			isa = PBXSourcesBuildPhase;
			buildActionMask = 2147483647;
			files = (
				05D9323F15B9AEFB00983693 /* main.m in Sources */,
				05D9324315B9AEFB00983693 /* AppDelegate.m in Sources */,
				05D9327215B9B8FB00983693 /* AlarmViewController.m in Sources */,
				05D9327715B9B96400983693 /* CurrentDreamsViewController.m in Sources */,
				05D9327C15B9B97A00983693 /* RecordDreamViewController.m in Sources */,
				05D9328915B9C82900983693 /* SelectedDreamViewController.m in Sources */,
				05209CFC15BF3D69001C66CF /* DIYCam.m in Sources */,
				05209CFD15BF3D69001C66CF /* DIYCamUtilities.m in Sources */,
				05209D0215BF3DD0001C66CF /* UIImage+Resize.m in Sources */,
				05209D0315BF3DD0001C66CF /* UIImage+Save.m in Sources */,
				05A5CE1615C80AA70097DB1C /* AlarmListViewController.m in Sources */,
				05A5CF5515C94B060097DB1C /* InAppSettingsPSChildPaneSpecifierCell.m in Sources */,
				05A5CF5615C94B060097DB1C /* InAppSettingsPSMultiValueSpecifierCell.m in Sources */,
				05A5CF5715C94B060097DB1C /* InAppSettingsPSSliderSpecifierCell.m in Sources */,
				05A5CF5815C94B060097DB1C /* InAppSettingsPSTextFieldSpecifierCell.m in Sources */,
				05A5CF5915C94B060097DB1C /* InAppSettingsPSTitleValueSpecifierCell.m in Sources */,
				05A5CF5A15C94B060097DB1C /* InAppSettingsPSToggleSwitchSpecifierCell.m in Sources */,
				05A5CF5B15C94B060097DB1C /* InAppSettingsTableCell.m in Sources */,
				05A5CF5C15C94B060097DB1C /* InAppSettings.m in Sources */,
				05A5CF5F15C94B060097DB1C /* InAppSettingsPSMultiValueSpecifierTable.m in Sources */,
				05A5CF6015C94B060097DB1C /* InAppSettingsReader.m in Sources */,
				05A5CF6115C94B060097DB1C /* InAppSettingsSpecifier.m in Sources */,
				05E5AA0715D27290004684E0 /* AlarmLabelViewController.m in Sources */,
				05E5AA1015D2D4E5004684E0 /* DreamState.xcdatamodeld in Sources */,
				05E5AA6C15D2E7D6004684E0 /* Day.m in Sources */,
				05E5AA7615D3C4A6004684E0 /* AlarmDaysViewController.m in Sources */,
				05E5AA7C15D40D8F004684E0 /* NotificationLoader.m in Sources */,
				05E5AA8815D56C90004684E0 /* Alarm.m in Sources */,
				05E5AA8F15D8F09F004684E0 /* Alarmhelper.m in Sources */,
				058FCCD815DB9FA50030A4D9 /* HomeViewController.m in Sources */,
				058FCCEE15DD31C20030A4D9 /* SineWaveView.m in Sources */,
				05E8CE2815E7CD4E007EDF8F /* AlarmSoundViewController.m in Sources */,
				052FEDD915FB7E290014DC37 /* UITextFieldNoMenu.m in Sources */,
				056C69A516049FD500B3D06D /* AboutViewController.m in Sources */,
				056C69AB1604A10500B3D06D /* TOCViewController.m in Sources */,
				056C69B01604A11F00B3D06D /* HowToViewController.m in Sources */,
				056C69B51604A63100B3D06D /* LegalViewController.m in Sources */,
				056C69BA1604D68600B3D06D /* Settings.m in Sources */,
			);
			runOnlyForDeploymentPostprocessing = 0;
		};
		05D9324D15B9AEFB00983693 /* Sources */ = {
			isa = PBXSourcesBuildPhase;
			buildActionMask = 2147483647;
			files = (
				05D9326115B9AEFB00983693 /* DreamStateTests.m in Sources */,
			);
			runOnlyForDeploymentPostprocessing = 0;
		};
/* End PBXSourcesBuildPhase section */

/* Begin PBXTargetDependency section */
		05D9325815B9AEFB00983693 /* PBXTargetDependency */ = {
			isa = PBXTargetDependency;
			target = 05D9322D15B9AEFB00983693 /* DreamState */;
			targetProxy = 05D9325715B9AEFB00983693 /* PBXContainerItemProxy */;
		};
/* End PBXTargetDependency section */

/* Begin XCBuildConfiguration section */
		05D9326215B9AEFB00983693 /* Debug */ = {
			isa = XCBuildConfiguration;
			buildSettings = {
				ALWAYS_SEARCH_USER_PATHS = NO;
				ARCHS = "$(ARCHS_STANDARD_32_BIT)";
				CLANG_ENABLE_OBJC_ARC = YES;
				CODE_SIGN_IDENTITY = "";
				"CODE_SIGN_IDENTITY[sdk=iphoneos*]" = "iPhone Developer";
				COPY_PHASE_STRIP = NO;
				GCC_C_LANGUAGE_STANDARD = gnu99;
				GCC_DYNAMIC_NO_PIC = NO;
				GCC_OPTIMIZATION_LEVEL = 0;
				GCC_PREPROCESSOR_DEFINITIONS = (
					"DEBUG=1",
					"$(inherited)",
				);
				GCC_SYMBOLS_PRIVATE_EXTERN = NO;
				GCC_VERSION = com.apple.compilers.llvm.clang.1_0;
				GCC_WARN_ABOUT_RETURN_TYPE = YES;
				GCC_WARN_UNINITIALIZED_AUTOS = YES;
				GCC_WARN_UNUSED_VARIABLE = YES;
				IPHONEOS_DEPLOYMENT_TARGET = 4.3;
				SDKROOT = iphoneos;
				TARGETED_DEVICE_FAMILY = "1,2";
				VALID_ARCHS = "armv6 armv7";
			};
			name = Debug;
		};
		05D9326315B9AEFB00983693 /* Release */ = {
			isa = XCBuildConfiguration;
			buildSettings = {
				ALWAYS_SEARCH_USER_PATHS = NO;
				ARCHS = "$(ARCHS_STANDARD_32_BIT)";
				CLANG_ENABLE_OBJC_ARC = YES;
				"CODE_SIGN_IDENTITY[sdk=iphoneos*]" = "iPhone Developer";
				COPY_PHASE_STRIP = YES;
				GCC_C_LANGUAGE_STANDARD = gnu99;
				GCC_VERSION = com.apple.compilers.llvm.clang.1_0;
				GCC_WARN_ABOUT_RETURN_TYPE = YES;
				GCC_WARN_UNINITIALIZED_AUTOS = YES;
				GCC_WARN_UNUSED_VARIABLE = YES;
				IPHONEOS_DEPLOYMENT_TARGET = 4.3;
				OTHER_CFLAGS = "-DNS_BLOCK_ASSERTIONS=1";
				SDKROOT = iphoneos;
				TARGETED_DEVICE_FAMILY = "1,2";
				VALIDATE_PRODUCT = YES;
				VALID_ARCHS = "armv6 armv7";
			};
			name = Release;
		};
		05D9326515B9AEFB00983693 /* Debug */ = {
			isa = XCBuildConfiguration;
			buildSettings = {
				ARCHS = (
					"$(ARCHS_STANDARD_32_BIT)",
					armv6,
				);
				CODE_SIGN_IDENTITY = "";
				"CODE_SIGN_IDENTITY[sdk=iphoneos*]" = "iPhone Developer";
				GCC_PRECOMPILE_PREFIX_HEADER = YES;
				GCC_PREFIX_HEADER = "DreamState/DreamState-Prefix.pch";
				GCC_THUMB_SUPPORT = NO;
				GCC_VERSION = com.apple.compilers.llvm.clang.1_0;
				INFOPLIST_FILE = "DreamState/DreamState-Info.plist";
				IPHONEOS_DEPLOYMENT_TARGET = 4.2;
				LIBRARY_SEARCH_PATHS = (
					"$(inherited)",
					"\"$(SRCROOT)/DreamState\"",
				);
				ONLY_ACTIVE_ARCH = NO;
				PRODUCT_NAME = "$(TARGET_NAME)";
				"PROVISIONING_PROFILE[sdk=iphoneos*]" = "";
				SDKROOT = iphoneos;
				TARGETED_DEVICE_FAMILY = 1;
				VALID_ARCHS = "armv6 armv7";
				WRAPPER_EXTENSION = app;
			};
			name = Debug;
		};
		05D9326615B9AEFB00983693 /* Release */ = {
			isa = XCBuildConfiguration;
			buildSettings = {
				ARCHS = (
					"$(ARCHS_STANDARD_32_BIT)",
					armv6,
				);
				CODE_SIGN_IDENTITY = "iPhone Distribution: Michal Thompson";
				"CODE_SIGN_IDENTITY[sdk=iphoneos*]" = "iPhone Distribution: Michal Thompson";
				GCC_PRECOMPILE_PREFIX_HEADER = YES;
				GCC_PREFIX_HEADER = "DreamState/DreamState-Prefix.pch";
				GCC_THUMB_SUPPORT = NO;
				GCC_VERSION = com.apple.compilers.llvm.clang.1_0;
				INFOPLIST_FILE = "DreamState/DreamState-Info.plist";
				IPHONEOS_DEPLOYMENT_TARGET = 4.2;
				LIBRARY_SEARCH_PATHS = (
					"$(inherited)",
					"\"$(SRCROOT)/DreamState\"",
				);
				ONLY_ACTIVE_ARCH = NO;
				PRODUCT_NAME = "$(TARGET_NAME)";
				PROVISIONING_PROFILE = "0936DABC-B520-4287-BE98-772568334FB4";
				"PROVISIONING_PROFILE[sdk=iphoneos*]" = "0936DABC-B520-4287-BE98-772568334FB4";
				SDKROOT = iphoneos;
				TARGETED_DEVICE_FAMILY = 1;
				VALID_ARCHS = "armv6 armv7";
				WRAPPER_EXTENSION = app;
			};
			name = Release;
		};
		05D9326815B9AEFB00983693 /* Debug */ = {
			isa = XCBuildConfiguration;
			buildSettings = {
				BUNDLE_LOADER = "$(BUILT_PRODUCTS_DIR)/DreamState.app/DreamState";
				FRAMEWORK_SEARCH_PATHS = (
					"$(SDKROOT)/Developer/Library/Frameworks",
					"$(DEVELOPER_LIBRARY_DIR)/Frameworks",
				);
				GCC_PRECOMPILE_PREFIX_HEADER = YES;
				GCC_PREFIX_HEADER = "DreamState/DreamState-Prefix.pch";
				INFOPLIST_FILE = "DreamStateTests/DreamStateTests-Info.plist";
				PRODUCT_NAME = "$(TARGET_NAME)";
				TEST_HOST = "$(BUNDLE_LOADER)";
				WRAPPER_EXTENSION = octest;
			};
			name = Debug;
		};
		05D9326915B9AEFB00983693 /* Release */ = {
			isa = XCBuildConfiguration;
			buildSettings = {
				BUNDLE_LOADER = "$(BUILT_PRODUCTS_DIR)/DreamState.app/DreamState";
				FRAMEWORK_SEARCH_PATHS = (
					"$(SDKROOT)/Developer/Library/Frameworks",
					"$(DEVELOPER_LIBRARY_DIR)/Frameworks",
				);
				GCC_PRECOMPILE_PREFIX_HEADER = YES;
				GCC_PREFIX_HEADER = "DreamState/DreamState-Prefix.pch";
				INFOPLIST_FILE = "DreamStateTests/DreamStateTests-Info.plist";
				PRODUCT_NAME = "$(TARGET_NAME)";
				TEST_HOST = "$(BUNDLE_LOADER)";
				WRAPPER_EXTENSION = octest;
			};
			name = Release;
		};
/* End XCBuildConfiguration section */

/* Begin XCConfigurationList section */
		05D9322815B9AEFB00983693 /* Build configuration list for PBXProject "DreamState" */ = {
			isa = XCConfigurationList;
			buildConfigurations = (
				05D9326215B9AEFB00983693 /* Debug */,
				05D9326315B9AEFB00983693 /* Release */,
			);
			defaultConfigurationIsVisible = 0;
			defaultConfigurationName = Release;
		};
		05D9326415B9AEFB00983693 /* Build configuration list for PBXNativeTarget "DreamState" */ = {
			isa = XCConfigurationList;
			buildConfigurations = (
				05D9326515B9AEFB00983693 /* Debug */,
				05D9326615B9AEFB00983693 /* Release */,
			);
			defaultConfigurationIsVisible = 0;
			defaultConfigurationName = Release;
		};
		05D9326715B9AEFB00983693 /* Build configuration list for PBXNativeTarget "DreamStateTests" */ = {
			isa = XCConfigurationList;
			buildConfigurations = (
				05D9326815B9AEFB00983693 /* Debug */,
				05D9326915B9AEFB00983693 /* Release */,
			);
			defaultConfigurationIsVisible = 0;
			defaultConfigurationName = Release;
		};
/* End XCConfigurationList section */

/* Begin XCVersionGroup section */
		05E5AA0E15D2D4E5004684E0 /* DreamState.xcdatamodeld */ = {
			isa = XCVersionGroup;
			children = (
				056C69B71604D61C00B3D06D /* DreamState 4.xcdatamodel */,
				052FEDF31600C72B0014DC37 /* DreamState 3.xcdatamodel */,
				05E5AA8C15D56D9D004684E0 /* DreamState 2.xcdatamodel */,
				05E5AA0F15D2D4E5004684E0 /* DreamState.xcdatamodel */,
			);
			currentVersion = 056C69B71604D61C00B3D06D /* DreamState 4.xcdatamodel */;
			path = DreamState.xcdatamodeld;
			sourceTree = "<group>";
			versionGroupType = wrapper.xcdatamodel;
		};
/* End XCVersionGroup section */
	};
	rootObject = 05D9322515B9AEFB00983693 /* Project object */;
}
