// !$*UTF8*$!
{
	archiveVersion = 1;
	classes = {
	};
	objectVersion = 46;
	objects = {

/* Begin PBXBuildFile section */
		05209CD115BD564F001C66CF /* alarm 1.caf in Resources */ = {isa = PBXBuildFile; fileRef = 05209CD015BD564F001C66CF /* alarm 1.caf */; };
		05209CD315BD5F33001C66CF /* clockicon.png in Resources */ = {isa = PBXBuildFile; fileRef = 05209CD215BD5F33001C66CF /* clockicon.png */; };
		05209CD515BD5FDB001C66CF /* recordicon.png in Resources */ = {isa = PBXBuildFile; fileRef = 05209CD415BD5FDB001C66CF /* recordicon.png */; };
		05209CD715BD6032001C66CF /* dreams.png in Resources */ = {isa = PBXBuildFile; fileRef = 05209CD615BD6032001C66CF /* dreams.png */; };
		05209CF115BF3B10001C66CF /* CoreMedia.framework in Frameworks */ = {isa = PBXBuildFile; fileRef = 05209CF015BF3B10001C66CF /* CoreMedia.framework */; };
		05209CFC15BF3D69001C66CF /* DIYCam.m in Sources */ = {isa = PBXBuildFile; fileRef = 05209CF815BF3D69001C66CF /* DIYCam.m */; settings = {COMPILER_FLAGS = "-fno-objc-arc"; }; };
		05209CFD15BF3D69001C66CF /* DIYCamUtilities.m in Sources */ = {isa = PBXBuildFile; fileRef = 05209CFB15BF3D69001C66CF /* DIYCamUtilities.m */; settings = {COMPILER_FLAGS = "-fno-objc-arc"; }; };
		05209D0215BF3DD0001C66CF /* UIImage+Resize.m in Sources */ = {isa = PBXBuildFile; fileRef = 05209CFF15BF3DD0001C66CF /* UIImage+Resize.m */; settings = {COMPILER_FLAGS = "-fno-objc-arc"; }; };
		05209D0315BF3DD0001C66CF /* UIImage+Save.m in Sources */ = {isa = PBXBuildFile; fileRef = 05209D0115BF3DD0001C66CF /* UIImage+Save.m */; settings = {COMPILER_FLAGS = "-fno-objc-arc"; }; };
		05209D0915BF3F8C001C66CF /* AssetsLibrary.framework in Frameworks */ = {isa = PBXBuildFile; fileRef = 05209D0815BF3F8C001C66CF /* AssetsLibrary.framework */; };
		05209D0B15BF3F9D001C66CF /* MobileCoreServices.framework in Frameworks */ = {isa = PBXBuildFile; fileRef = 05209D0A15BF3F9D001C66CF /* MobileCoreServices.framework */; };
		05209D0D15BF3FA4001C66CF /* QuartzCore.framework in Frameworks */ = {isa = PBXBuildFile; fileRef = 05209D0C15BF3FA4001C66CF /* QuartzCore.framework */; };
		056E83B815BB1BBF000B17FA /* alarm.caf in Resources */ = {isa = PBXBuildFile; fileRef = 056E83B615BB1BB9000B17FA /* alarm.caf */; };
		056E83BE15BB271F000B17FA /* alarm.mp3 in Resources */ = {isa = PBXBuildFile; fileRef = 056E83BD15BB271F000B17FA /* alarm.mp3 */; };
		05A5CE0C15C191E20097DB1C /* Recording.png in Resources */ = {isa = PBXBuildFile; fileRef = 05A5CE0A15C191E20097DB1C /* Recording.png */; };
		05A5CE0D15C191E20097DB1C /* NotRecording.png in Resources */ = {isa = PBXBuildFile; fileRef = 05A5CE0B15C191E20097DB1C /* NotRecording.png */; };
		05A5CE1615C80AA70097DB1C /* AlarmListViewController.m in Sources */ = {isa = PBXBuildFile; fileRef = 05A5CE1415C80AA50097DB1C /* AlarmListViewController.m */; };
		05A5CE1715C80AA70097DB1C /* AlarmListViewController.xib in Resources */ = {isa = PBXBuildFile; fileRef = 05A5CE1515C80AA60097DB1C /* AlarmListViewController.xib */; };
		05A5CE1915C824A70097DB1C /* AlarmClock.plist in Resources */ = {isa = PBXBuildFile; fileRef = 05A5CE1815C824A70097DB1C /* AlarmClock.plist */; };
		05A5CE8F15C939600097DB1C /* MessageUI.framework in Frameworks */ = {isa = PBXBuildFile; fileRef = 05A5CE8E15C9395F0097DB1C /* MessageUI.framework */; };
		05A5CF3615C943B20097DB1C /* 20-gear2.png in Resources */ = {isa = PBXBuildFile; fileRef = 05A5CF3415C943B20097DB1C /* 20-gear2.png */; };
		05A5CF3715C943B20097DB1C /* Icon.png in Resources */ = {isa = PBXBuildFile; fileRef = 05A5CF3515C943B20097DB1C /* Icon.png */; };
		05A5CF5515C94B060097DB1C /* InAppSettingsPSChildPaneSpecifierCell.m in Sources */ = {isa = PBXBuildFile; fileRef = 05A5CF3D15C94B060097DB1C /* InAppSettingsPSChildPaneSpecifierCell.m */; settings = {COMPILER_FLAGS = "-fno-objc-arc"; }; };
		05A5CF5615C94B060097DB1C /* InAppSettingsPSMultiValueSpecifierCell.m in Sources */ = {isa = PBXBuildFile; fileRef = 05A5CF3F15C94B060097DB1C /* InAppSettingsPSMultiValueSpecifierCell.m */; settings = {COMPILER_FLAGS = "-fno-objc-arc"; }; };
		05A5CF5715C94B060097DB1C /* InAppSettingsPSSliderSpecifierCell.m in Sources */ = {isa = PBXBuildFile; fileRef = 05A5CF4115C94B060097DB1C /* InAppSettingsPSSliderSpecifierCell.m */; settings = {COMPILER_FLAGS = "-fno-objc-arc"; }; };
		05A5CF5815C94B060097DB1C /* InAppSettingsPSTextFieldSpecifierCell.m in Sources */ = {isa = PBXBuildFile; fileRef = 05A5CF4315C94B060097DB1C /* InAppSettingsPSTextFieldSpecifierCell.m */; settings = {COMPILER_FLAGS = "-fno-objc-arc"; }; };
		05A5CF5915C94B060097DB1C /* InAppSettingsPSTitleValueSpecifierCell.m in Sources */ = {isa = PBXBuildFile; fileRef = 05A5CF4515C94B060097DB1C /* InAppSettingsPSTitleValueSpecifierCell.m */; settings = {COMPILER_FLAGS = "-fno-objc-arc"; }; };
		05A5CF5A15C94B060097DB1C /* InAppSettingsPSToggleSwitchSpecifierCell.m in Sources */ = {isa = PBXBuildFile; fileRef = 05A5CF4715C94B060097DB1C /* InAppSettingsPSToggleSwitchSpecifierCell.m */; settings = {COMPILER_FLAGS = "-fno-objc-arc"; }; };
		05A5CF5B15C94B060097DB1C /* InAppSettingsTableCell.m in Sources */ = {isa = PBXBuildFile; fileRef = 05A5CF4915C94B060097DB1C /* InAppSettingsTableCell.m */; settings = {COMPILER_FLAGS = "-fno-objc-arc"; }; };
		05A5CF5C15C94B060097DB1C /* InAppSettings.m in Sources */ = {isa = PBXBuildFile; fileRef = 05A5CF4B15C94B060097DB1C /* InAppSettings.m */; settings = {COMPILER_FLAGS = "-fno-objc-arc"; }; };
		05A5CF5D15C94B060097DB1C /* InAppSettings.png in Resources */ = {isa = PBXBuildFile; fileRef = 05A5CF4C15C94B060097DB1C /* InAppSettings.png */; };
		05A5CF5E15C94B060097DB1C /* InAppSettings@2x.png in Resources */ = {isa = PBXBuildFile; fileRef = 05A5CF4D15C94B060097DB1C /* InAppSettings@2x.png */; };
		05A5CF5F15C94B060097DB1C /* InAppSettingsPSMultiValueSpecifierTable.m in Sources */ = {isa = PBXBuildFile; fileRef = 05A5CF5015C94B060097DB1C /* InAppSettingsPSMultiValueSpecifierTable.m */; settings = {COMPILER_FLAGS = "-fno-objc-arc"; }; };
		05A5CF6015C94B060097DB1C /* InAppSettingsReader.m in Sources */ = {isa = PBXBuildFile; fileRef = 05A5CF5215C94B060097DB1C /* InAppSettingsReader.m */; settings = {COMPILER_FLAGS = "-fno-objc-arc"; }; };
		05A5CF6115C94B060097DB1C /* InAppSettingsSpecifier.m in Sources */ = {isa = PBXBuildFile; fileRef = 05A5CF5415C94B060097DB1C /* InAppSettingsSpecifier.m */; settings = {COMPILER_FLAGS = "-fno-objc-arc"; }; };
		05A5CF6A15CFC2740097DB1C /* MediaController.m in Sources */ = {isa = PBXBuildFile; fileRef = 05A5CF6915CFC2710097DB1C /* MediaController.m */; };
		05A5CF6F15D1469B0097DB1C /* alarm 2.caf in Resources */ = {isa = PBXBuildFile; fileRef = 05A5CF6E15D1469A0097DB1C /* alarm 2.caf */; };
		05D9323315B9AEFB00983693 /* UIKit.framework in Frameworks */ = {isa = PBXBuildFile; fileRef = 05D9323215B9AEFB00983693 /* UIKit.framework */; };
		05D9323515B9AEFB00983693 /* Foundation.framework in Frameworks */ = {isa = PBXBuildFile; fileRef = 05D9323415B9AEFB00983693 /* Foundation.framework */; };
		05D9323715B9AEFB00983693 /* CoreGraphics.framework in Frameworks */ = {isa = PBXBuildFile; fileRef = 05D9323615B9AEFB00983693 /* CoreGraphics.framework */; };
		05D9323D15B9AEFB00983693 /* InfoPlist.strings in Resources */ = {isa = PBXBuildFile; fileRef = 05D9323B15B9AEFB00983693 /* InfoPlist.strings */; };
		05D9323F15B9AEFB00983693 /* main.m in Sources */ = {isa = PBXBuildFile; fileRef = 05D9323E15B9AEFB00983693 /* main.m */; };
		05D9324315B9AEFB00983693 /* AppDelegate.m in Sources */ = {isa = PBXBuildFile; fileRef = 05D9324215B9AEFB00983693 /* AppDelegate.m */; };
		05D9324615B9AEFB00983693 /* MenuViewController.m in Sources */ = {isa = PBXBuildFile; fileRef = 05D9324515B9AEFB00983693 /* MenuViewController.m */; };
		05D9324915B9AEFB00983693 /* MenuViewController_iPhone.xib in Resources */ = {isa = PBXBuildFile; fileRef = 05D9324715B9AEFB00983693 /* MenuViewController_iPhone.xib */; };
		05D9324C15B9AEFB00983693 /* MenuViewController_iPad.xib in Resources */ = {isa = PBXBuildFile; fileRef = 05D9324A15B9AEFB00983693 /* MenuViewController_iPad.xib */; };
		05D9325415B9AEFB00983693 /* SenTestingKit.framework in Frameworks */ = {isa = PBXBuildFile; fileRef = 05D9325315B9AEFB00983693 /* SenTestingKit.framework */; };
		05D9325515B9AEFB00983693 /* UIKit.framework in Frameworks */ = {isa = PBXBuildFile; fileRef = 05D9323215B9AEFB00983693 /* UIKit.framework */; };
		05D9325615B9AEFB00983693 /* Foundation.framework in Frameworks */ = {isa = PBXBuildFile; fileRef = 05D9323415B9AEFB00983693 /* Foundation.framework */; };
		05D9325E15B9AEFB00983693 /* InfoPlist.strings in Resources */ = {isa = PBXBuildFile; fileRef = 05D9325C15B9AEFB00983693 /* InfoPlist.strings */; };
		05D9326115B9AEFB00983693 /* DreamStateTests.m in Sources */ = {isa = PBXBuildFile; fileRef = 05D9326015B9AEFB00983693 /* DreamStateTests.m */; };
		05D9327215B9B8FB00983693 /* AlarmViewController.m in Sources */ = {isa = PBXBuildFile; fileRef = 05D9327015B9B8FB00983693 /* AlarmViewController.m */; };
		05D9327315B9B8FB00983693 /* AlarmViewController.xib in Resources */ = {isa = PBXBuildFile; fileRef = 05D9327115B9B8FB00983693 /* AlarmViewController.xib */; };
		05D9327715B9B96400983693 /* CurrentDreamsViewController.m in Sources */ = {isa = PBXBuildFile; fileRef = 05D9327515B9B96400983693 /* CurrentDreamsViewController.m */; };
		05D9327815B9B96400983693 /* CurrentDreamsViewController.xib in Resources */ = {isa = PBXBuildFile; fileRef = 05D9327615B9B96400983693 /* CurrentDreamsViewController.xib */; };
		05D9327C15B9B97A00983693 /* RecordDreamViewController.m in Sources */ = {isa = PBXBuildFile; fileRef = 05D9327A15B9B97A00983693 /* RecordDreamViewController.m */; };
		05D9327D15B9B97A00983693 /* RecordDreamViewController.xib in Resources */ = {isa = PBXBuildFile; fileRef = 05D9327B15B9B97A00983693 /* RecordDreamViewController.xib */; };
		05D9328115B9BC8700983693 /* AVFoundation.framework in Frameworks */ = {isa = PBXBuildFile; fileRef = 05D9328015B9BC8700983693 /* AVFoundation.framework */; };
		05D9328515B9BD9000983693 /* DreamTableViewcell.m in Sources */ = {isa = PBXBuildFile; fileRef = 05D9328315B9BD8B00983693 /* DreamTableViewcell.m */; };
		05D9328915B9C82900983693 /* SelectedDreamViewController.m in Sources */ = {isa = PBXBuildFile; fileRef = 05D9328715B9C82900983693 /* SelectedDreamViewController.m */; };
		05D9328A15B9C82900983693 /* SelectedDreamViewController.xib in Resources */ = {isa = PBXBuildFile; fileRef = 05D9328815B9C82900983693 /* SelectedDreamViewController.xib */; };
		05E0E30F15BFF92B005BAEF0 /* MediaPlayer.framework in Frameworks */ = {isa = PBXBuildFile; fileRef = 05E0E30E15BFF92B005BAEF0 /* MediaPlayer.framework */; };
		05E0E31615C022C8005BAEF0 /* Settings.bundle in Resources */ = {isa = PBXBuildFile; fileRef = 05E0E31515C022C8005BAEF0 /* Settings.bundle */; };
		05E5A9FC15D150C2004684E0 /* AlarmSoundViewController.m in Sources */ = {isa = PBXBuildFile; fileRef = 05E5A9FA15D150C2004684E0 /* AlarmSoundViewController.m */; };
		05E5A9FD15D150C2004684E0 /* AlarmSoundViewController.xib in Resources */ = {isa = PBXBuildFile; fileRef = 05E5A9FB15D150C2004684E0 /* AlarmSoundViewController.xib */; };
		05E5AA0715D27290004684E0 /* AlarmLabelViewController.m in Sources */ = {isa = PBXBuildFile; fileRef = 05E5AA0515D27290004684E0 /* AlarmLabelViewController.m */; };
		05E5AA0815D27290004684E0 /* AlarmLabelViewController.xib in Resources */ = {isa = PBXBuildFile; fileRef = 05E5AA0615D27290004684E0 /* AlarmLabelViewController.xib */; };
		05E5AA0A15D2C666004684E0 /* CoreData.framework in Frameworks */ = {isa = PBXBuildFile; fileRef = 05E5AA0915D2C666004684E0 /* CoreData.framework */; };
		05E5AA1015D2D4E5004684E0 /* DreamState.xcdatamodeld in Sources */ = {isa = PBXBuildFile; fileRef = 05E5AA0E15D2D4E5004684E0 /* DreamState.xcdatamodeld */; };
		05E5AA6C15D2E7D6004684E0 /* Day.m in Sources */ = {isa = PBXBuildFile; fileRef = 05E5AA6B15D2E7D5004684E0 /* Day.m */; };
		05E5AA7615D3C4A6004684E0 /* AlarmDaysViewController.m in Sources */ = {isa = PBXBuildFile; fileRef = 05E5AA7415D3C4A0004684E0 /* AlarmDaysViewController.m */; };
		05E5AA7715D3C4A6004684E0 /* AlarmDaysViewController.xib in Resources */ = {isa = PBXBuildFile; fileRef = 05E5AA7515D3C4A2004684E0 /* AlarmDaysViewController.xib */; };
		05E5AA7C15D40D8F004684E0 /* NotificationLoader.m in Sources */ = {isa = PBXBuildFile; fileRef = 05E5AA7B15D40D8F004684E0 /* NotificationLoader.m */; };
		05E5AA8815D56C90004684E0 /* Alarm.m in Sources */ = {isa = PBXBuildFile; fileRef = 05E5AA8715D56C90004684E0 /* Alarm.m */; };
		05E5AA8B15D56CD1004684E0 /* Dream.m in Sources */ = {isa = PBXBuildFile; fileRef = 05E5AA8A15D56CD0004684E0 /* Dream.m */; };
		05E5AA8F15D8F09F004684E0 /* Alarmhelper.m in Sources */ = {isa = PBXBuildFile; fileRef = 05E5AA8E15D8F09E004684E0 /* Alarmhelper.m */; };
		05E5AA9315D94C1D004684E0 /* DreamNameViewController.m in Sources */ = {isa = PBXBuildFile; fileRef = 05E5AA9115D94C1C004684E0 /* DreamNameViewController.m */; };
		05E5AA9415D94C1D004684E0 /* DreamNameViewController.xib in Resources */ = {isa = PBXBuildFile; fileRef = 05E5AA9215D94C1C004684E0 /* DreamNameViewController.xib */; };
		05E5AA9715D96C67004684E0 /* DreamHelper.m in Sources */ = {isa = PBXBuildFile; fileRef = 05E5AA9615D96C66004684E0 /* DreamHelper.m */; };
/* End PBXBuildFile section */

/* Begin PBXContainerItemProxy section */
		05D9325715B9AEFB00983693 /* PBXContainerItemProxy */ = {
			isa = PBXContainerItemProxy;
			containerPortal = 05D9322515B9AEFB00983693 /* Project object */;
			proxyType = 1;
			remoteGlobalIDString = 05D9322D15B9AEFB00983693;
			remoteInfo = DreamState;
		};
/* End PBXContainerItemProxy section */

/* Begin PBXFileReference section */
		05209CD015BD564F001C66CF /* alarm 1.caf */ = {isa = PBXFileReference; lastKnownFileType = file; path = "alarm 1.caf"; sourceTree = "<group>"; };
		05209CD215BD5F33001C66CF /* clockicon.png */ = {isa = PBXFileReference; lastKnownFileType = image.png; path = clockicon.png; sourceTree = "<group>"; };
		05209CD415BD5FDB001C66CF /* recordicon.png */ = {isa = PBXFileReference; lastKnownFileType = image.png; path = recordicon.png; sourceTree = "<group>"; };
		05209CD615BD6032001C66CF /* dreams.png */ = {isa = PBXFileReference; lastKnownFileType = image.png; path = dreams.png; sourceTree = "<group>"; };
		05209CF015BF3B10001C66CF /* CoreMedia.framework */ = {isa = PBXFileReference; lastKnownFileType = wrapper.framework; name = CoreMedia.framework; path = System/Library/Frameworks/CoreMedia.framework; sourceTree = SDKROOT; };
		05209CF715BF3D69001C66CF /* DIYCam.h */ = {isa = PBXFileReference; fileEncoding = 4; lastKnownFileType = sourcecode.c.h; path = DIYCam.h; sourceTree = "<group>"; };
		05209CF815BF3D69001C66CF /* DIYCam.m */ = {isa = PBXFileReference; fileEncoding = 4; lastKnownFileType = sourcecode.c.objc; path = DIYCam.m; sourceTree = "<group>"; };
		05209CF915BF3D69001C66CF /* DIYCamDefaults.h */ = {isa = PBXFileReference; fileEncoding = 4; lastKnownFileType = sourcecode.c.h; path = DIYCamDefaults.h; sourceTree = "<group>"; };
		05209CFA15BF3D69001C66CF /* DIYCamUtilities.h */ = {isa = PBXFileReference; fileEncoding = 4; lastKnownFileType = sourcecode.c.h; path = DIYCamUtilities.h; sourceTree = "<group>"; };
		05209CFB15BF3D69001C66CF /* DIYCamUtilities.m */ = {isa = PBXFileReference; fileEncoding = 4; lastKnownFileType = sourcecode.c.objc; path = DIYCamUtilities.m; sourceTree = "<group>"; };
		05209CFE15BF3DD0001C66CF /* UIImage+Resize.h */ = {isa = PBXFileReference; fileEncoding = 4; lastKnownFileType = sourcecode.c.h; path = "UIImage+Resize.h"; sourceTree = "<group>"; };
		05209CFF15BF3DD0001C66CF /* UIImage+Resize.m */ = {isa = PBXFileReference; fileEncoding = 4; lastKnownFileType = sourcecode.c.objc; path = "UIImage+Resize.m"; sourceTree = "<group>"; };
		05209D0015BF3DD0001C66CF /* UIImage+Save.h */ = {isa = PBXFileReference; fileEncoding = 4; lastKnownFileType = sourcecode.c.h; path = "UIImage+Save.h"; sourceTree = "<group>"; };
		05209D0115BF3DD0001C66CF /* UIImage+Save.m */ = {isa = PBXFileReference; fileEncoding = 4; lastKnownFileType = sourcecode.c.objc; path = "UIImage+Save.m"; sourceTree = "<group>"; };
		05209D0815BF3F8C001C66CF /* AssetsLibrary.framework */ = {isa = PBXFileReference; lastKnownFileType = wrapper.framework; name = AssetsLibrary.framework; path = System/Library/Frameworks/AssetsLibrary.framework; sourceTree = SDKROOT; };
		05209D0A15BF3F9D001C66CF /* MobileCoreServices.framework */ = {isa = PBXFileReference; lastKnownFileType = wrapper.framework; name = MobileCoreServices.framework; path = System/Library/Frameworks/MobileCoreServices.framework; sourceTree = SDKROOT; };
		05209D0C15BF3FA4001C66CF /* QuartzCore.framework */ = {isa = PBXFileReference; lastKnownFileType = wrapper.framework; name = QuartzCore.framework; path = System/Library/Frameworks/QuartzCore.framework; sourceTree = SDKROOT; };
		056E83B615BB1BB9000B17FA /* alarm.caf */ = {isa = PBXFileReference; lastKnownFileType = file; path = alarm.caf; sourceTree = "<group>"; };
		056E83BD15BB271F000B17FA /* alarm.mp3 */ = {isa = PBXFileReference; lastKnownFileType = audio.mp3; path = alarm.mp3; sourceTree = "<group>"; };
		05A5CE0A15C191E20097DB1C /* Recording.png */ = {isa = PBXFileReference; lastKnownFileType = image.png; path = Recording.png; sourceTree = "<group>"; };
		05A5CE0B15C191E20097DB1C /* NotRecording.png */ = {isa = PBXFileReference; lastKnownFileType = image.png; path = NotRecording.png; sourceTree = "<group>"; };
		05A5CE1315C80AA50097DB1C /* AlarmListViewController.h */ = {isa = PBXFileReference; fileEncoding = 4; lastKnownFileType = sourcecode.c.h; path = AlarmListViewController.h; sourceTree = "<group>"; };
		05A5CE1415C80AA50097DB1C /* AlarmListViewController.m */ = {isa = PBXFileReference; fileEncoding = 4; lastKnownFileType = sourcecode.c.objc; path = AlarmListViewController.m; sourceTree = "<group>"; };
		05A5CE1515C80AA60097DB1C /* AlarmListViewController.xib */ = {isa = PBXFileReference; fileEncoding = 4; lastKnownFileType = file.xib; path = AlarmListViewController.xib; sourceTree = "<group>"; };
		05A5CE1815C824A70097DB1C /* AlarmClock.plist */ = {isa = PBXFileReference; fileEncoding = 4; lastKnownFileType = text.plist.xml; path = AlarmClock.plist; sourceTree = "<group>"; };
		05A5CE8E15C9395F0097DB1C /* MessageUI.framework */ = {isa = PBXFileReference; lastKnownFileType = wrapper.framework; name = MessageUI.framework; path = System/Library/Frameworks/MessageUI.framework; sourceTree = SDKROOT; };
		05A5CF3415C943B20097DB1C /* 20-gear2.png */ = {isa = PBXFileReference; lastKnownFileType = image.png; path = "20-gear2.png"; sourceTree = "<group>"; };
		05A5CF3515C943B20097DB1C /* Icon.png */ = {isa = PBXFileReference; lastKnownFileType = image.png; path = Icon.png; sourceTree = "<group>"; };
		05A5CF3C15C94B060097DB1C /* InAppSettingsPSChildPaneSpecifierCell.h */ = {isa = PBXFileReference; fileEncoding = 4; lastKnownFileType = sourcecode.c.h; path = InAppSettingsPSChildPaneSpecifierCell.h; sourceTree = "<group>"; };
		05A5CF3D15C94B060097DB1C /* InAppSettingsPSChildPaneSpecifierCell.m */ = {isa = PBXFileReference; fileEncoding = 4; lastKnownFileType = sourcecode.c.objc; path = InAppSettingsPSChildPaneSpecifierCell.m; sourceTree = "<group>"; };
		05A5CF3E15C94B060097DB1C /* InAppSettingsPSMultiValueSpecifierCell.h */ = {isa = PBXFileReference; fileEncoding = 4; lastKnownFileType = sourcecode.c.h; path = InAppSettingsPSMultiValueSpecifierCell.h; sourceTree = "<group>"; };
		05A5CF3F15C94B060097DB1C /* InAppSettingsPSMultiValueSpecifierCell.m */ = {isa = PBXFileReference; fileEncoding = 4; lastKnownFileType = sourcecode.c.objc; path = InAppSettingsPSMultiValueSpecifierCell.m; sourceTree = "<group>"; };
		05A5CF4015C94B060097DB1C /* InAppSettingsPSSliderSpecifierCell.h */ = {isa = PBXFileReference; fileEncoding = 4; lastKnownFileType = sourcecode.c.h; path = InAppSettingsPSSliderSpecifierCell.h; sourceTree = "<group>"; };
		05A5CF4115C94B060097DB1C /* InAppSettingsPSSliderSpecifierCell.m */ = {isa = PBXFileReference; fileEncoding = 4; lastKnownFileType = sourcecode.c.objc; path = InAppSettingsPSSliderSpecifierCell.m; sourceTree = "<group>"; };
		05A5CF4215C94B060097DB1C /* InAppSettingsPSTextFieldSpecifierCell.h */ = {isa = PBXFileReference; fileEncoding = 4; lastKnownFileType = sourcecode.c.h; path = InAppSettingsPSTextFieldSpecifierCell.h; sourceTree = "<group>"; };
		05A5CF4315C94B060097DB1C /* InAppSettingsPSTextFieldSpecifierCell.m */ = {isa = PBXFileReference; fileEncoding = 4; lastKnownFileType = sourcecode.c.objc; path = InAppSettingsPSTextFieldSpecifierCell.m; sourceTree = "<group>"; };
		05A5CF4415C94B060097DB1C /* InAppSettingsPSTitleValueSpecifierCell.h */ = {isa = PBXFileReference; fileEncoding = 4; lastKnownFileType = sourcecode.c.h; path = InAppSettingsPSTitleValueSpecifierCell.h; sourceTree = "<group>"; };
		05A5CF4515C94B060097DB1C /* InAppSettingsPSTitleValueSpecifierCell.m */ = {isa = PBXFileReference; fileEncoding = 4; lastKnownFileType = sourcecode.c.objc; path = InAppSettingsPSTitleValueSpecifierCell.m; sourceTree = "<group>"; };
		05A5CF4615C94B060097DB1C /* InAppSettingsPSToggleSwitchSpecifierCell.h */ = {isa = PBXFileReference; fileEncoding = 4; lastKnownFileType = sourcecode.c.h; path = InAppSettingsPSToggleSwitchSpecifierCell.h; sourceTree = "<group>"; };
		05A5CF4715C94B060097DB1C /* InAppSettingsPSToggleSwitchSpecifierCell.m */ = {isa = PBXFileReference; fileEncoding = 4; lastKnownFileType = sourcecode.c.objc; path = InAppSettingsPSToggleSwitchSpecifierCell.m; sourceTree = "<group>"; };
		05A5CF4815C94B060097DB1C /* InAppSettingsTableCell.h */ = {isa = PBXFileReference; fileEncoding = 4; lastKnownFileType = sourcecode.c.h; path = InAppSettingsTableCell.h; sourceTree = "<group>"; };
		05A5CF4915C94B060097DB1C /* InAppSettingsTableCell.m */ = {isa = PBXFileReference; fileEncoding = 4; lastKnownFileType = sourcecode.c.objc; path = InAppSettingsTableCell.m; sourceTree = "<group>"; };
		05A5CF4A15C94B060097DB1C /* InAppSettings.h */ = {isa = PBXFileReference; fileEncoding = 4; lastKnownFileType = sourcecode.c.h; path = InAppSettings.h; sourceTree = "<group>"; };
		05A5CF4B15C94B060097DB1C /* InAppSettings.m */ = {isa = PBXFileReference; fileEncoding = 4; lastKnownFileType = sourcecode.c.objc; path = InAppSettings.m; sourceTree = "<group>"; };
		05A5CF4C15C94B060097DB1C /* InAppSettings.png */ = {isa = PBXFileReference; lastKnownFileType = image.png; path = InAppSettings.png; sourceTree = "<group>"; };
		05A5CF4D15C94B060097DB1C /* InAppSettings@2x.png */ = {isa = PBXFileReference; lastKnownFileType = image.png; path = "InAppSettings@2x.png"; sourceTree = "<group>"; };
		05A5CF4E15C94B060097DB1C /* InAppSettingsConstants.h */ = {isa = PBXFileReference; fileEncoding = 4; lastKnownFileType = sourcecode.c.h; path = InAppSettingsConstants.h; sourceTree = "<group>"; };
		05A5CF4F15C94B060097DB1C /* InAppSettingsPSMultiValueSpecifierTable.h */ = {isa = PBXFileReference; fileEncoding = 4; lastKnownFileType = sourcecode.c.h; path = InAppSettingsPSMultiValueSpecifierTable.h; sourceTree = "<group>"; };
		05A5CF5015C94B060097DB1C /* InAppSettingsPSMultiValueSpecifierTable.m */ = {isa = PBXFileReference; fileEncoding = 4; lastKnownFileType = sourcecode.c.objc; path = InAppSettingsPSMultiValueSpecifierTable.m; sourceTree = "<group>"; };
		05A5CF5115C94B060097DB1C /* InAppSettingsReader.h */ = {isa = PBXFileReference; fileEncoding = 4; lastKnownFileType = sourcecode.c.h; path = InAppSettingsReader.h; sourceTree = "<group>"; };
		05A5CF5215C94B060097DB1C /* InAppSettingsReader.m */ = {isa = PBXFileReference; fileEncoding = 4; lastKnownFileType = sourcecode.c.objc; path = InAppSettingsReader.m; sourceTree = "<group>"; };
		05A5CF5315C94B060097DB1C /* InAppSettingsSpecifier.h */ = {isa = PBXFileReference; fileEncoding = 4; lastKnownFileType = sourcecode.c.h; path = InAppSettingsSpecifier.h; sourceTree = "<group>"; };
		05A5CF5415C94B060097DB1C /* InAppSettingsSpecifier.m */ = {isa = PBXFileReference; fileEncoding = 4; lastKnownFileType = sourcecode.c.objc; path = InAppSettingsSpecifier.m; sourceTree = "<group>"; };
		05A5CF6815CFC26F0097DB1C /* MediaController.h */ = {isa = PBXFileReference; fileEncoding = 4; lastKnownFileType = sourcecode.c.h; path = MediaController.h; sourceTree = "<group>"; };
		05A5CF6915CFC2710097DB1C /* MediaController.m */ = {isa = PBXFileReference; fileEncoding = 4; lastKnownFileType = sourcecode.c.objc; path = MediaController.m; sourceTree = "<group>"; };
		05A5CF6E15D1469A0097DB1C /* alarm 2.caf */ = {isa = PBXFileReference; lastKnownFileType = file; path = "alarm 2.caf"; sourceTree = "<group>"; };
		05D9322E15B9AEFB00983693 /* DreamState.app */ = {isa = PBXFileReference; explicitFileType = wrapper.application; includeInIndex = 0; path = DreamState.app; sourceTree = BUILT_PRODUCTS_DIR; };
		05D9323215B9AEFB00983693 /* UIKit.framework */ = {isa = PBXFileReference; lastKnownFileType = wrapper.framework; name = UIKit.framework; path = System/Library/Frameworks/UIKit.framework; sourceTree = SDKROOT; };
		05D9323415B9AEFB00983693 /* Foundation.framework */ = {isa = PBXFileReference; lastKnownFileType = wrapper.framework; name = Foundation.framework; path = System/Library/Frameworks/Foundation.framework; sourceTree = SDKROOT; };
		05D9323615B9AEFB00983693 /* CoreGraphics.framework */ = {isa = PBXFileReference; lastKnownFileType = wrapper.framework; name = CoreGraphics.framework; path = System/Library/Frameworks/CoreGraphics.framework; sourceTree = SDKROOT; };
		05D9323A15B9AEFB00983693 /* DreamState-Info.plist */ = {isa = PBXFileReference; lastKnownFileType = text.plist.xml; path = "DreamState-Info.plist"; sourceTree = "<group>"; };
		05D9323C15B9AEFB00983693 /* en */ = {isa = PBXFileReference; lastKnownFileType = text.plist.strings; name = en; path = en.lproj/InfoPlist.strings; sourceTree = "<group>"; };
		05D9323E15B9AEFB00983693 /* main.m */ = {isa = PBXFileReference; lastKnownFileType = sourcecode.c.objc; path = main.m; sourceTree = "<group>"; };
		05D9324015B9AEFB00983693 /* DreamState-Prefix.pch */ = {isa = PBXFileReference; lastKnownFileType = sourcecode.c.h; path = "DreamState-Prefix.pch"; sourceTree = "<group>"; };
		05D9324115B9AEFB00983693 /* AppDelegate.h */ = {isa = PBXFileReference; lastKnownFileType = sourcecode.c.h; path = AppDelegate.h; sourceTree = "<group>"; };
		05D9324215B9AEFB00983693 /* AppDelegate.m */ = {isa = PBXFileReference; lastKnownFileType = sourcecode.c.objc; path = AppDelegate.m; sourceTree = "<group>"; };
		05D9324415B9AEFB00983693 /* MenuViewController.h */ = {isa = PBXFileReference; lastKnownFileType = sourcecode.c.h; path = MenuViewController.h; sourceTree = "<group>"; };
		05D9324515B9AEFB00983693 /* MenuViewController.m */ = {isa = PBXFileReference; lastKnownFileType = sourcecode.c.objc; path = MenuViewController.m; sourceTree = "<group>"; };
		05D9324815B9AEFB00983693 /* en */ = {isa = PBXFileReference; lastKnownFileType = file.xib; name = en; path = en.lproj/MenuViewController_iPhone.xib; sourceTree = "<group>"; };
		05D9324B15B9AEFB00983693 /* en */ = {isa = PBXFileReference; lastKnownFileType = file.xib; name = en; path = en.lproj/MenuViewController_iPad.xib; sourceTree = "<group>"; };
		05D9325215B9AEFB00983693 /* DreamStateTests.octest */ = {isa = PBXFileReference; explicitFileType = wrapper.cfbundle; includeInIndex = 0; path = DreamStateTests.octest; sourceTree = BUILT_PRODUCTS_DIR; };
		05D9325315B9AEFB00983693 /* SenTestingKit.framework */ = {isa = PBXFileReference; lastKnownFileType = wrapper.framework; name = SenTestingKit.framework; path = Library/Frameworks/SenTestingKit.framework; sourceTree = DEVELOPER_DIR; };
		05D9325B15B9AEFB00983693 /* DreamStateTests-Info.plist */ = {isa = PBXFileReference; lastKnownFileType = text.plist.xml; path = "DreamStateTests-Info.plist"; sourceTree = "<group>"; };
		05D9325D15B9AEFB00983693 /* en */ = {isa = PBXFileReference; lastKnownFileType = text.plist.strings; name = en; path = en.lproj/InfoPlist.strings; sourceTree = "<group>"; };
		05D9325F15B9AEFB00983693 /* DreamStateTests.h */ = {isa = PBXFileReference; lastKnownFileType = sourcecode.c.h; path = DreamStateTests.h; sourceTree = "<group>"; };
		05D9326015B9AEFB00983693 /* DreamStateTests.m */ = {isa = PBXFileReference; lastKnownFileType = sourcecode.c.objc; path = DreamStateTests.m; sourceTree = "<group>"; };
		05D9326F15B9B8FB00983693 /* AlarmViewController.h */ = {isa = PBXFileReference; fileEncoding = 4; lastKnownFileType = sourcecode.c.h; path = AlarmViewController.h; sourceTree = "<group>"; };
		05D9327015B9B8FB00983693 /* AlarmViewController.m */ = {isa = PBXFileReference; fileEncoding = 4; lastKnownFileType = sourcecode.c.objc; path = AlarmViewController.m; sourceTree = "<group>"; };
		05D9327115B9B8FB00983693 /* AlarmViewController.xib */ = {isa = PBXFileReference; fileEncoding = 4; lastKnownFileType = file.xib; path = AlarmViewController.xib; sourceTree = "<group>"; };
		05D9327415B9B96400983693 /* CurrentDreamsViewController.h */ = {isa = PBXFileReference; fileEncoding = 4; lastKnownFileType = sourcecode.c.h; path = CurrentDreamsViewController.h; sourceTree = "<group>"; };
		05D9327515B9B96400983693 /* CurrentDreamsViewController.m */ = {isa = PBXFileReference; fileEncoding = 4; lastKnownFileType = sourcecode.c.objc; path = CurrentDreamsViewController.m; sourceTree = "<group>"; };
		05D9327615B9B96400983693 /* CurrentDreamsViewController.xib */ = {isa = PBXFileReference; fileEncoding = 4; lastKnownFileType = file.xib; path = CurrentDreamsViewController.xib; sourceTree = "<group>"; };
		05D9327915B9B97A00983693 /* RecordDreamViewController.h */ = {isa = PBXFileReference; fileEncoding = 4; lastKnownFileType = sourcecode.c.h; path = RecordDreamViewController.h; sourceTree = "<group>"; };
		05D9327A15B9B97A00983693 /* RecordDreamViewController.m */ = {isa = PBXFileReference; fileEncoding = 4; lastKnownFileType = sourcecode.c.objc; path = RecordDreamViewController.m; sourceTree = "<group>"; };
		05D9327B15B9B97A00983693 /* RecordDreamViewController.xib */ = {isa = PBXFileReference; fileEncoding = 4; lastKnownFileType = file.xib; path = RecordDreamViewController.xib; sourceTree = "<group>"; };
		05D9328015B9BC8700983693 /* AVFoundation.framework */ = {isa = PBXFileReference; lastKnownFileType = wrapper.framework; name = AVFoundation.framework; path = System/Library/Frameworks/AVFoundation.framework; sourceTree = SDKROOT; };
		05D9328215B9BD8B00983693 /* DreamTableViewcell.h */ = {isa = PBXFileReference; fileEncoding = 4; lastKnownFileType = sourcecode.c.h; path = DreamTableViewcell.h; sourceTree = "<group>"; };
		05D9328315B9BD8B00983693 /* DreamTableViewcell.m */ = {isa = PBXFileReference; fileEncoding = 4; lastKnownFileType = sourcecode.c.objc; path = DreamTableViewcell.m; sourceTree = "<group>"; };
		05D9328615B9C82900983693 /* SelectedDreamViewController.h */ = {isa = PBXFileReference; fileEncoding = 4; lastKnownFileType = sourcecode.c.h; path = SelectedDreamViewController.h; sourceTree = "<group>"; };
		05D9328715B9C82900983693 /* SelectedDreamViewController.m */ = {isa = PBXFileReference; fileEncoding = 4; lastKnownFileType = sourcecode.c.objc; path = SelectedDreamViewController.m; sourceTree = "<group>"; };
		05D9328815B9C82900983693 /* SelectedDreamViewController.xib */ = {isa = PBXFileReference; fileEncoding = 4; lastKnownFileType = file.xib; path = SelectedDreamViewController.xib; sourceTree = "<group>"; };
		05E0E30E15BFF92B005BAEF0 /* MediaPlayer.framework */ = {isa = PBXFileReference; lastKnownFileType = wrapper.framework; name = MediaPlayer.framework; path = System/Library/Frameworks/MediaPlayer.framework; sourceTree = SDKROOT; };
		05E0E31515C022C8005BAEF0 /* Settings.bundle */ = {isa = PBXFileReference; lastKnownFileType = "wrapper.plug-in"; path = Settings.bundle; sourceTree = "<group>"; };
		05E5A9F915D150C2004684E0 /* AlarmSoundViewController.h */ = {isa = PBXFileReference; fileEncoding = 4; lastKnownFileType = sourcecode.c.h; path = AlarmSoundViewController.h; sourceTree = "<group>"; };
		05E5A9FA15D150C2004684E0 /* AlarmSoundViewController.m */ = {isa = PBXFileReference; fileEncoding = 4; lastKnownFileType = sourcecode.c.objc; path = AlarmSoundViewController.m; sourceTree = "<group>"; };
		05E5A9FB15D150C2004684E0 /* AlarmSoundViewController.xib */ = {isa = PBXFileReference; fileEncoding = 4; lastKnownFileType = file.xib; path = AlarmSoundViewController.xib; sourceTree = "<group>"; };
		05E5AA0415D2728F004684E0 /* AlarmLabelViewController.h */ = {isa = PBXFileReference; fileEncoding = 4; lastKnownFileType = sourcecode.c.h; path = AlarmLabelViewController.h; sourceTree = "<group>"; };
		05E5AA0515D27290004684E0 /* AlarmLabelViewController.m */ = {isa = PBXFileReference; fileEncoding = 4; lastKnownFileType = sourcecode.c.objc; path = AlarmLabelViewController.m; sourceTree = "<group>"; };
		05E5AA0615D27290004684E0 /* AlarmLabelViewController.xib */ = {isa = PBXFileReference; fileEncoding = 4; lastKnownFileType = file.xib; path = AlarmLabelViewController.xib; sourceTree = "<group>"; };
		05E5AA0915D2C666004684E0 /* CoreData.framework */ = {isa = PBXFileReference; lastKnownFileType = wrapper.framework; name = CoreData.framework; path = System/Library/Frameworks/CoreData.framework; sourceTree = SDKROOT; };
		05E5AA0F15D2D4E5004684E0 /* DreamState.xcdatamodel */ = {isa = PBXFileReference; lastKnownFileType = wrapper.xcdatamodel; path = DreamState.xcdatamodel; sourceTree = "<group>"; };
		05E5AA6A15D2E7D3004684E0 /* Day.h */ = {isa = PBXFileReference; fileEncoding = 4; lastKnownFileType = sourcecode.c.h; path = Day.h; sourceTree = "<group>"; };
		05E5AA6B15D2E7D5004684E0 /* Day.m */ = {isa = PBXFileReference; fileEncoding = 4; lastKnownFileType = sourcecode.c.objc; path = Day.m; sourceTree = "<group>"; };
		05E5AA7315D3C49F004684E0 /* AlarmDaysViewController.h */ = {isa = PBXFileReference; fileEncoding = 4; lastKnownFileType = sourcecode.c.h; path = AlarmDaysViewController.h; sourceTree = "<group>"; };
		05E5AA7415D3C4A0004684E0 /* AlarmDaysViewController.m */ = {isa = PBXFileReference; fileEncoding = 4; lastKnownFileType = sourcecode.c.objc; path = AlarmDaysViewController.m; sourceTree = "<group>"; };
		05E5AA7515D3C4A2004684E0 /* AlarmDaysViewController.xib */ = {isa = PBXFileReference; fileEncoding = 4; lastKnownFileType = file.xib; path = AlarmDaysViewController.xib; sourceTree = "<group>"; };
		05E5AA7A15D40D8F004684E0 /* NotificationLoader.h */ = {isa = PBXFileReference; fileEncoding = 4; lastKnownFileType = sourcecode.c.h; path = NotificationLoader.h; sourceTree = "<group>"; };
		05E5AA7B15D40D8F004684E0 /* NotificationLoader.m */ = {isa = PBXFileReference; fileEncoding = 4; lastKnownFileType = sourcecode.c.objc; path = NotificationLoader.m; sourceTree = "<group>"; };
		05E5AA8615D56C90004684E0 /* Alarm.h */ = {isa = PBXFileReference; fileEncoding = 4; lastKnownFileType = sourcecode.c.h; path = Alarm.h; sourceTree = "<group>"; };
		05E5AA8715D56C90004684E0 /* Alarm.m */ = {isa = PBXFileReference; fileEncoding = 4; lastKnownFileType = sourcecode.c.objc; path = Alarm.m; sourceTree = "<group>"; };
		05E5AA8915D56CD0004684E0 /* Dream.h */ = {isa = PBXFileReference; fileEncoding = 4; lastKnownFileType = sourcecode.c.h; path = Dream.h; sourceTree = "<group>"; };
		05E5AA8A15D56CD0004684E0 /* Dream.m */ = {isa = PBXFileReference; fileEncoding = 4; lastKnownFileType = sourcecode.c.objc; path = Dream.m; sourceTree = "<group>"; };
		05E5AA8C15D56D9D004684E0 /* DreamState 2.xcdatamodel */ = {isa = PBXFileReference; lastKnownFileType = wrapper.xcdatamodel; path = "DreamState 2.xcdatamodel"; sourceTree = "<group>"; };
		05E5AA8D15D8F09D004684E0 /* Alarmhelper.h */ = {isa = PBXFileReference; fileEncoding = 4; lastKnownFileType = sourcecode.c.h; path = Alarmhelper.h; sourceTree = "<group>"; };
		05E5AA8E15D8F09E004684E0 /* Alarmhelper.m */ = {isa = PBXFileReference; fileEncoding = 4; lastKnownFileType = sourcecode.c.objc; path = Alarmhelper.m; sourceTree = "<group>"; };
		05E5AA9015D94C1C004684E0 /* DreamNameViewController.h */ = {isa = PBXFileReference; fileEncoding = 4; lastKnownFileType = sourcecode.c.h; path = DreamNameViewController.h; sourceTree = "<group>"; };
		05E5AA9115D94C1C004684E0 /* DreamNameViewController.m */ = {isa = PBXFileReference; fileEncoding = 4; lastKnownFileType = sourcecode.c.objc; path = DreamNameViewController.m; sourceTree = "<group>"; };
		05E5AA9215D94C1C004684E0 /* DreamNameViewController.xib */ = {isa = PBXFileReference; fileEncoding = 4; lastKnownFileType = file.xib; path = DreamNameViewController.xib; sourceTree = "<group>"; };
		05E5AA9515D96C64004684E0 /* DreamHelper.h */ = {isa = PBXFileReference; fileEncoding = 4; lastKnownFileType = sourcecode.c.h; path = DreamHelper.h; sourceTree = "<group>"; };
		05E5AA9615D96C66004684E0 /* DreamHelper.m */ = {isa = PBXFileReference; fileEncoding = 4; lastKnownFileType = sourcecode.c.objc; path = DreamHelper.m; sourceTree = "<group>"; };
/* End PBXFileReference section */

/* Begin PBXFrameworksBuildPhase section */
		05D9322B15B9AEFB00983693 /* Frameworks */ = {
			isa = PBXFrameworksBuildPhase;
			buildActionMask = 2147483647;
			files = (
				05E5AA0A15D2C666004684E0 /* CoreData.framework in Frameworks */,
				05A5CE8F15C939600097DB1C /* MessageUI.framework in Frameworks */,
				05E0E30F15BFF92B005BAEF0 /* MediaPlayer.framework in Frameworks */,
				05209D0D15BF3FA4001C66CF /* QuartzCore.framework in Frameworks */,
				05209D0B15BF3F9D001C66CF /* MobileCoreServices.framework in Frameworks */,
				05209D0915BF3F8C001C66CF /* AssetsLibrary.framework in Frameworks */,
				05209CF115BF3B10001C66CF /* CoreMedia.framework in Frameworks */,
				05D9328115B9BC8700983693 /* AVFoundation.framework in Frameworks */,
				05D9323315B9AEFB00983693 /* UIKit.framework in Frameworks */,
				05D9323515B9AEFB00983693 /* Foundation.framework in Frameworks */,
				05D9323715B9AEFB00983693 /* CoreGraphics.framework in Frameworks */,
			);
			runOnlyForDeploymentPostprocessing = 0;
		};
		05D9324E15B9AEFB00983693 /* Frameworks */ = {
			isa = PBXFrameworksBuildPhase;
			buildActionMask = 2147483647;
			files = (
				05D9325415B9AEFB00983693 /* SenTestingKit.framework in Frameworks */,
				05D9325515B9AEFB00983693 /* UIKit.framework in Frameworks */,
				05D9325615B9AEFB00983693 /* Foundation.framework in Frameworks */,
			);
			runOnlyForDeploymentPostprocessing = 0;
		};
/* End PBXFrameworksBuildPhase section */

/* Begin PBXGroup section */
		05209CF615BF3D57001C66CF /* DIYCam */ = {
			isa = PBXGroup;
			children = (
				05209CFE15BF3DD0001C66CF /* UIImage+Resize.h */,
				05209CFF15BF3DD0001C66CF /* UIImage+Resize.m */,
				05209D0015BF3DD0001C66CF /* UIImage+Save.h */,
				05209D0115BF3DD0001C66CF /* UIImage+Save.m */,
				05209CF715BF3D69001C66CF /* DIYCam.h */,
				05209CF815BF3D69001C66CF /* DIYCam.m */,
				05209CF915BF3D69001C66CF /* DIYCamDefaults.h */,
				05209CFA15BF3D69001C66CF /* DIYCamUtilities.h */,
				05209CFB15BF3D69001C66CF /* DIYCamUtilities.m */,
			);
			name = DIYCam;
			sourceTree = "<group>";
		};
		05A5CE1A15C8281A0097DB1C /* AlarmClock */ = {
			isa = PBXGroup;
			children = (
				05A5CE1815C824A70097DB1C /* AlarmClock.plist */,
				05A5CE1315C80AA50097DB1C /* AlarmListViewController.h */,
				05A5CE1415C80AA50097DB1C /* AlarmListViewController.m */,
				05A5CE1515C80AA60097DB1C /* AlarmListViewController.xib */,
				05D9326F15B9B8FB00983693 /* AlarmViewController.h */,
				05D9327015B9B8FB00983693 /* AlarmViewController.m */,
				05D9327115B9B8FB00983693 /* AlarmViewController.xib */,
				05E5A9F915D150C2004684E0 /* AlarmSoundViewController.h */,
				05E5A9FA15D150C2004684E0 /* AlarmSoundViewController.m */,
				05E5A9FB15D150C2004684E0 /* AlarmSoundViewController.xib */,
				05E5AA0415D2728F004684E0 /* AlarmLabelViewController.h */,
				05E5AA0515D27290004684E0 /* AlarmLabelViewController.m */,
				05E5AA0615D27290004684E0 /* AlarmLabelViewController.xib */,
				05E5AA7315D3C49F004684E0 /* AlarmDaysViewController.h */,
				05E5AA7415D3C4A0004684E0 /* AlarmDaysViewController.m */,
				05E5AA7515D3C4A2004684E0 /* AlarmDaysViewController.xib */,
				05E5AA8D15D8F09D004684E0 /* Alarmhelper.h */,
				05E5AA8E15D8F09E004684E0 /* Alarmhelper.m */,
			);
			name = AlarmClock;
			sourceTree = "<group>";
		};
		05A5CF3A15C94B040097DB1C /* InAppSettings */ = {
			isa = PBXGroup;
			children = (
				05A5CF3B15C94B060097DB1C /* Cells */,
				05A5CF4A15C94B060097DB1C /* InAppSettings.h */,
				05A5CF4B15C94B060097DB1C /* InAppSettings.m */,
				05A5CF4C15C94B060097DB1C /* InAppSettings.png */,
				05A5CF4D15C94B060097DB1C /* InAppSettings@2x.png */,
				05A5CF4E15C94B060097DB1C /* InAppSettingsConstants.h */,
				05A5CF4F15C94B060097DB1C /* InAppSettingsPSMultiValueSpecifierTable.h */,
				05A5CF5015C94B060097DB1C /* InAppSettingsPSMultiValueSpecifierTable.m */,
				05A5CF5115C94B060097DB1C /* InAppSettingsReader.h */,
				05A5CF5215C94B060097DB1C /* InAppSettingsReader.m */,
				05A5CF5315C94B060097DB1C /* InAppSettingsSpecifier.h */,
				05A5CF5415C94B060097DB1C /* InAppSettingsSpecifier.m */,
			);
			path = InAppSettings;
			sourceTree = "<group>";
		};
		05A5CF3B15C94B060097DB1C /* Cells */ = {
			isa = PBXGroup;
			children = (
				05A5CF3C15C94B060097DB1C /* InAppSettingsPSChildPaneSpecifierCell.h */,
				05A5CF3D15C94B060097DB1C /* InAppSettingsPSChildPaneSpecifierCell.m */,
				05A5CF3E15C94B060097DB1C /* InAppSettingsPSMultiValueSpecifierCell.h */,
				05A5CF3F15C94B060097DB1C /* InAppSettingsPSMultiValueSpecifierCell.m */,
				05A5CF4015C94B060097DB1C /* InAppSettingsPSSliderSpecifierCell.h */,
				05A5CF4115C94B060097DB1C /* InAppSettingsPSSliderSpecifierCell.m */,
				05A5CF4215C94B060097DB1C /* InAppSettingsPSTextFieldSpecifierCell.h */,
				05A5CF4315C94B060097DB1C /* InAppSettingsPSTextFieldSpecifierCell.m */,
				05A5CF4415C94B060097DB1C /* InAppSettingsPSTitleValueSpecifierCell.h */,
				05A5CF4515C94B060097DB1C /* InAppSettingsPSTitleValueSpecifierCell.m */,
				05A5CF4615C94B060097DB1C /* InAppSettingsPSToggleSwitchSpecifierCell.h */,
				05A5CF4715C94B060097DB1C /* InAppSettingsPSToggleSwitchSpecifierCell.m */,
				05A5CF4815C94B060097DB1C /* InAppSettingsTableCell.h */,
				05A5CF4915C94B060097DB1C /* InAppSettingsTableCell.m */,
			);
			path = Cells;
			sourceTree = "<group>";
		};
		05A5CF6B15CFC28B0097DB1C /* MediaControl */ = {
			isa = PBXGroup;
			children = (
				05A5CF6815CFC26F0097DB1C /* MediaController.h */,
				05A5CF6915CFC2710097DB1C /* MediaController.m */,
			);
			name = MediaControl;
			sourceTree = "<group>";
		};
		05D9322315B9AEFB00983693 = {
			isa = PBXGroup;
			children = (
				05E0E31515C022C8005BAEF0 /* Settings.bundle */,
				05A5CE8E15C9395F0097DB1C /* MessageUI.framework */,
				05E0E30E15BFF92B005BAEF0 /* MediaPlayer.framework */,
				05209D0C15BF3FA4001C66CF /* QuartzCore.framework */,
				05209D0A15BF3F9D001C66CF /* MobileCoreServices.framework */,
				05209D0815BF3F8C001C66CF /* AssetsLibrary.framework */,
				05209CF015BF3B10001C66CF /* CoreMedia.framework */,
				05D9328015B9BC8700983693 /* AVFoundation.framework */,
				05E5AA0915D2C666004684E0 /* CoreData.framework */,
				05D9323815B9AEFB00983693 /* DreamState */,
				05D9325915B9AEFB00983693 /* DreamStateTests */,
				05D9323115B9AEFB00983693 /* Frameworks */,
				05D9322F15B9AEFB00983693 /* Products */,
			);
			sourceTree = "<group>";
		};
		05D9322F15B9AEFB00983693 /* Products */ = {
			isa = PBXGroup;
			children = (
				05D9322E15B9AEFB00983693 /* DreamState.app */,
				05D9325215B9AEFB00983693 /* DreamStateTests.octest */,
			);
			name = Products;
			sourceTree = "<group>";
		};
		05D9323115B9AEFB00983693 /* Frameworks */ = {
			isa = PBXGroup;
			children = (
				05D9323215B9AEFB00983693 /* UIKit.framework */,
				05D9323415B9AEFB00983693 /* Foundation.framework */,
				05D9323615B9AEFB00983693 /* CoreGraphics.framework */,
				05D9325315B9AEFB00983693 /* SenTestingKit.framework */,
			);
			name = Frameworks;
			sourceTree = "<group>";
		};
		05D9323815B9AEFB00983693 /* DreamState */ = {
			isa = PBXGroup;
			children = (
				05E5AA7915D40D65004684E0 /* Notification */,
				05E5AA7815D403F1004684E0 /* Recording */,
				05E5AA6D15D3BC6A004684E0 /* Entities */,
				05A5CF6B15CFC28B0097DB1C /* MediaControl */,
				05A5CF3A15C94B040097DB1C /* InAppSettings */,
				05A5CE1A15C8281A0097DB1C /* AlarmClock */,
				05209CF615BF3D57001C66CF /* DIYCam */,
				05D9324115B9AEFB00983693 /* AppDelegate.h */,
				05D9324215B9AEFB00983693 /* AppDelegate.m */,
				05D9324415B9AEFB00983693 /* MenuViewController.h */,
				05D9324515B9AEFB00983693 /* MenuViewController.m */,
				05D9324715B9AEFB00983693 /* MenuViewController_iPhone.xib */,
				05D9324A15B9AEFB00983693 /* MenuViewController_iPad.xib */,
				05D9323915B9AEFB00983693 /* Supporting Files */,
			);
			path = DreamState;
			sourceTree = "<group>";
		};
		05D9323915B9AEFB00983693 /* Supporting Files */ = {
			isa = PBXGroup;
			children = (
				05209CD015BD564F001C66CF /* alarm 1.caf */,
				05A5CF6E15D1469A0097DB1C /* alarm 2.caf */,
				056E83BD15BB271F000B17FA /* alarm.mp3 */,
				056E83B615BB1BB9000B17FA /* alarm.caf */,
				05A5CF3415C943B20097DB1C /* 20-gear2.png */,
				05A5CF3515C943B20097DB1C /* Icon.png */,
				05A5CE0A15C191E20097DB1C /* Recording.png */,
				05A5CE0B15C191E20097DB1C /* NotRecording.png */,
				05209CD615BD6032001C66CF /* dreams.png */,
				05209CD415BD5FDB001C66CF /* recordicon.png */,
				05209CD215BD5F33001C66CF /* clockicon.png */,
				05D9323A15B9AEFB00983693 /* DreamState-Info.plist */,
				05D9323B15B9AEFB00983693 /* InfoPlist.strings */,
				05D9323E15B9AEFB00983693 /* main.m */,
				05D9324015B9AEFB00983693 /* DreamState-Prefix.pch */,
				05E5AA0E15D2D4E5004684E0 /* DreamState.xcdatamodeld */,
			);
			name = "Supporting Files";
			sourceTree = "<group>";
		};
		05D9325915B9AEFB00983693 /* DreamStateTests */ = {
			isa = PBXGroup;
			children = (
				05D9325F15B9AEFB00983693 /* DreamStateTests.h */,
				05D9326015B9AEFB00983693 /* DreamStateTests.m */,
				05D9325A15B9AEFB00983693 /* Supporting Files */,
			);
			path = DreamStateTests;
			sourceTree = "<group>";
		};
		05D9325A15B9AEFB00983693 /* Supporting Files */ = {
			isa = PBXGroup;
			children = (
				05D9325B15B9AEFB00983693 /* DreamStateTests-Info.plist */,
				05D9325C15B9AEFB00983693 /* InfoPlist.strings */,
			);
			name = "Supporting Files";
			sourceTree = "<group>";
		};
		05E5AA6D15D3BC6A004684E0 /* Entities */ = {
			isa = PBXGroup;
			children = (
				05E5AA8615D56C90004684E0 /* Alarm.h */,
				05E5AA8715D56C90004684E0 /* Alarm.m */,
				05E5AA8915D56CD0004684E0 /* Dream.h */,
				05E5AA8A15D56CD0004684E0 /* Dream.m */,
				05E5AA6A15D2E7D3004684E0 /* Day.h */,
				05E5AA6B15D2E7D5004684E0 /* Day.m */,
			);
			name = Entities;
			sourceTree = "<group>";
		};
		05E5AA7815D403F1004684E0 /* Recording */ = {
			isa = PBXGroup;
			children = (
				05D9328215B9BD8B00983693 /* DreamTableViewcell.h */,
				05D9328315B9BD8B00983693 /* DreamTableViewcell.m */,
				05D9327915B9B97A00983693 /* RecordDreamViewController.h */,
				05D9327A15B9B97A00983693 /* RecordDreamViewController.m */,
				05D9327B15B9B97A00983693 /* RecordDreamViewController.xib */,
				05D9327415B9B96400983693 /* CurrentDreamsViewController.h */,
				05D9327515B9B96400983693 /* CurrentDreamsViewController.m */,
				05D9327615B9B96400983693 /* CurrentDreamsViewController.xib */,
				05D9328615B9C82900983693 /* SelectedDreamViewController.h */,
				05D9328715B9C82900983693 /* SelectedDreamViewController.m */,
				05D9328815B9C82900983693 /* SelectedDreamViewController.xib */,
				05E5AA9015D94C1C004684E0 /* DreamNameViewController.h */,
				05E5AA9115D94C1C004684E0 /* DreamNameViewController.m */,
				05E5AA9215D94C1C004684E0 /* DreamNameViewController.xib */,
				05E5AA9515D96C64004684E0 /* DreamHelper.h */,
				05E5AA9615D96C66004684E0 /* DreamHelper.m */,
			);
			name = Recording;
			sourceTree = "<group>";
		};
		05E5AA7915D40D65004684E0 /* Notification */ = {
			isa = PBXGroup;
			children = (
				05E5AA7A15D40D8F004684E0 /* NotificationLoader.h */,
				05E5AA7B15D40D8F004684E0 /* NotificationLoader.m */,
			);
			name = Notification;
			sourceTree = "<group>";
		};
/* End PBXGroup section */

/* Begin PBXNativeTarget section */
		05D9322D15B9AEFB00983693 /* DreamState */ = {
			isa = PBXNativeTarget;
			buildConfigurationList = 05D9326415B9AEFB00983693 /* Build configuration list for PBXNativeTarget "DreamState" */;
			buildPhases = (
				05D9322A15B9AEFB00983693 /* Sources */,
				05D9322B15B9AEFB00983693 /* Frameworks */,
				05D9322C15B9AEFB00983693 /* Resources */,
			);
			buildRules = (
			);
			dependencies = (
			);
			name = DreamState;
			productName = DreamState;
			productReference = 05D9322E15B9AEFB00983693 /* DreamState.app */;
			productType = "com.apple.product-type.application";
		};
		05D9325115B9AEFB00983693 /* DreamStateTests */ = {
			isa = PBXNativeTarget;
			buildConfigurationList = 05D9326715B9AEFB00983693 /* Build configuration list for PBXNativeTarget "DreamStateTests" */;
			buildPhases = (
				05D9324D15B9AEFB00983693 /* Sources */,
				05D9324E15B9AEFB00983693 /* Frameworks */,
				05D9324F15B9AEFB00983693 /* Resources */,
				05D9325015B9AEFB00983693 /* ShellScript */,
			);
			buildRules = (
			);
			dependencies = (
				05D9325815B9AEFB00983693 /* PBXTargetDependency */,
			);
			name = DreamStateTests;
			productName = DreamStateTests;
			productReference = 05D9325215B9AEFB00983693 /* DreamStateTests.octest */;
			productType = "com.apple.product-type.bundle";
		};
/* End PBXNativeTarget section */

/* Begin PBXProject section */
		05D9322515B9AEFB00983693 /* Project object */ = {
			isa = PBXProject;
			attributes = {
				LastUpgradeCheck = 0430;
				ORGANIZATIONNAME = NA;
			};
			buildConfigurationList = 05D9322815B9AEFB00983693 /* Build configuration list for PBXProject "DreamState" */;
			compatibilityVersion = "Xcode 3.2";
			developmentRegion = English;
			hasScannedForEncodings = 0;
			knownRegions = (
				en,
			);
			mainGroup = 05D9322315B9AEFB00983693;
			productRefGroup = 05D9322F15B9AEFB00983693 /* Products */;
			projectDirPath = "";
			projectRoot = "";
			targets = (
				05D9322D15B9AEFB00983693 /* DreamState */,
				05D9325115B9AEFB00983693 /* DreamStateTests */,
			);
		};
/* End PBXProject section */

/* Begin PBXResourcesBuildPhase section */
		05D9322C15B9AEFB00983693 /* Resources */ = {
			isa = PBXResourcesBuildPhase;
			buildActionMask = 2147483647;
			files = (
				05D9323D15B9AEFB00983693 /* InfoPlist.strings in Resources */,
				05D9324915B9AEFB00983693 /* MenuViewController_iPhone.xib in Resources */,
				05D9324C15B9AEFB00983693 /* MenuViewController_iPad.xib in Resources */,
				05D9327315B9B8FB00983693 /* AlarmViewController.xib in Resources */,
				05D9327815B9B96400983693 /* CurrentDreamsViewController.xib in Resources */,
				05D9327D15B9B97A00983693 /* RecordDreamViewController.xib in Resources */,
				05D9328A15B9C82900983693 /* SelectedDreamViewController.xib in Resources */,
				056E83B815BB1BBF000B17FA /* alarm.caf in Resources */,
				056E83BE15BB271F000B17FA /* alarm.mp3 in Resources */,
				05209CD115BD564F001C66CF /* alarm 1.caf in Resources */,
				05209CD315BD5F33001C66CF /* clockicon.png in Resources */,
				05209CD515BD5FDB001C66CF /* recordicon.png in Resources */,
				05209CD715BD6032001C66CF /* dreams.png in Resources */,
				05E0E31615C022C8005BAEF0 /* Settings.bundle in Resources */,
				05A5CE0C15C191E20097DB1C /* Recording.png in Resources */,
				05A5CE0D15C191E20097DB1C /* NotRecording.png in Resources */,
				05A5CE1715C80AA70097DB1C /* AlarmListViewController.xib in Resources */,
				05A5CE1915C824A70097DB1C /* AlarmClock.plist in Resources */,
				05A5CF3615C943B20097DB1C /* 20-gear2.png in Resources */,
				05A5CF3715C943B20097DB1C /* Icon.png in Resources */,
				05A5CF5D15C94B060097DB1C /* InAppSettings.png in Resources */,
				05A5CF5E15C94B060097DB1C /* InAppSettings@2x.png in Resources */,
				05A5CF6F15D1469B0097DB1C /* alarm 2.caf in Resources */,
				05E5A9FD15D150C2004684E0 /* AlarmSoundViewController.xib in Resources */,
				05E5AA0815D27290004684E0 /* AlarmLabelViewController.xib in Resources */,
				05E5AA7715D3C4A6004684E0 /* AlarmDaysViewController.xib in Resources */,
				05E5AA9415D94C1D004684E0 /* DreamNameViewController.xib in Resources */,
			);
			runOnlyForDeploymentPostprocessing = 0;
		};
		05D9324F15B9AEFB00983693 /* Resources */ = {
			isa = PBXResourcesBuildPhase;
			buildActionMask = 2147483647;
			files = (
				05D9325E15B9AEFB00983693 /* InfoPlist.strings in Resources */,
			);
			runOnlyForDeploymentPostprocessing = 0;
		};
/* End PBXResourcesBuildPhase section */

/* Begin PBXShellScriptBuildPhase section */
		05D9325015B9AEFB00983693 /* ShellScript */ = {
			isa = PBXShellScriptBuildPhase;
			buildActionMask = 2147483647;
			files = (
			);
			inputPaths = (
			);
			outputPaths = (
			);
			runOnlyForDeploymentPostprocessing = 0;
			shellPath = /bin/sh;
			shellScript = "# Run the unit tests in this test bundle.\n\"${SYSTEM_DEVELOPER_DIR}/Tools/RunUnitTests\"\n";
		};
/* End PBXShellScriptBuildPhase section */

/* Begin PBXSourcesBuildPhase section */
		05D9322A15B9AEFB00983693 /* Sources */ = {
			isa = PBXSourcesBuildPhase;
			buildActionMask = 2147483647;
			files = (
				05D9323F15B9AEFB00983693 /* main.m in Sources */,
				05D9324315B9AEFB00983693 /* AppDelegate.m in Sources */,
				05D9324615B9AEFB00983693 /* MenuViewController.m in Sources */,
				05D9327215B9B8FB00983693 /* AlarmViewController.m in Sources */,
				05D9327715B9B96400983693 /* CurrentDreamsViewController.m in Sources */,
				05D9327C15B9B97A00983693 /* RecordDreamViewController.m in Sources */,
				05D9328515B9BD9000983693 /* DreamTableViewcell.m in Sources */,
				05D9328915B9C82900983693 /* SelectedDreamViewController.m in Sources */,
				05209CFC15BF3D69001C66CF /* DIYCam.m in Sources */,
				05209CFD15BF3D69001C66CF /* DIYCamUtilities.m in Sources */,
				05209D0215BF3DD0001C66CF /* UIImage+Resize.m in Sources */,
				05209D0315BF3DD0001C66CF /* UIImage+Save.m in Sources */,
				05A5CE1615C80AA70097DB1C /* AlarmListViewController.m in Sources */,
				05A5CF5515C94B060097DB1C /* InAppSettingsPSChildPaneSpecifierCell.m in Sources */,
				05A5CF5615C94B060097DB1C /* InAppSettingsPSMultiValueSpecifierCell.m in Sources */,
				05A5CF5715C94B060097DB1C /* InAppSettingsPSSliderSpecifierCell.m in Sources */,
				05A5CF5815C94B060097DB1C /* InAppSettingsPSTextFieldSpecifierCell.m in Sources */,
				05A5CF5915C94B060097DB1C /* InAppSettingsPSTitleValueSpecifierCell.m in Sources */,
				05A5CF5A15C94B060097DB1C /* InAppSettingsPSToggleSwitchSpecifierCell.m in Sources */,
				05A5CF5B15C94B060097DB1C /* InAppSettingsTableCell.m in Sources */,
				05A5CF5C15C94B060097DB1C /* InAppSettings.m in Sources */,
				05A5CF5F15C94B060097DB1C /* InAppSettingsPSMultiValueSpecifierTable.m in Sources */,
				05A5CF6015C94B060097DB1C /* InAppSettingsReader.m in Sources */,
				05A5CF6115C94B060097DB1C /* InAppSettingsSpecifier.m in Sources */,
				05A5CF6A15CFC2740097DB1C /* MediaController.m in Sources */,
				05E5A9FC15D150C2004684E0 /* AlarmSoundViewController.m in Sources */,
				05E5AA0715D27290004684E0 /* AlarmLabelViewController.m in Sources */,
				05E5AA1015D2D4E5004684E0 /* DreamState.xcdatamodeld in Sources */,
				05E5AA6C15D2E7D6004684E0 /* Day.m in Sources */,
				05E5AA7615D3C4A6004684E0 /* AlarmDaysViewController.m in Sources */,
				05E5AA7C15D40D8F004684E0 /* NotificationLoader.m in Sources */,
				05E5AA8815D56C90004684E0 /* Alarm.m in Sources */,
				05E5AA8B15D56CD1004684E0 /* Dream.m in Sources */,
				05E5AA8F15D8F09F004684E0 /* Alarmhelper.m in Sources */,
				05E5AA9315D94C1D004684E0 /* DreamNameViewController.m in Sources */,
				05E5AA9715D96C67004684E0 /* DreamHelper.m in Sources */,
			);
			runOnlyForDeploymentPostprocessing = 0;
		};
		05D9324D15B9AEFB00983693 /* Sources */ = {
			isa = PBXSourcesBuildPhase;
			buildActionMask = 2147483647;
			files = (
				05D9326115B9AEFB00983693 /* DreamStateTests.m in Sources */,
			);
			runOnlyForDeploymentPostprocessing = 0;
		};
/* End PBXSourcesBuildPhase section */

/* Begin PBXTargetDependency section */
		05D9325815B9AEFB00983693 /* PBXTargetDependency */ = {
			isa = PBXTargetDependency;
			target = 05D9322D15B9AEFB00983693 /* DreamState */;
			targetProxy = 05D9325715B9AEFB00983693 /* PBXContainerItemProxy */;
		};
/* End PBXTargetDependency section */

/* Begin PBXVariantGroup section */
		05D9323B15B9AEFB00983693 /* InfoPlist.strings */ = {
			isa = PBXVariantGroup;
			children = (
				05D9323C15B9AEFB00983693 /* en */,
			);
			name = InfoPlist.strings;
			sourceTree = "<group>";
		};
		05D9324715B9AEFB00983693 /* MenuViewController_iPhone.xib */ = {
			isa = PBXVariantGroup;
			children = (
				05D9324815B9AEFB00983693 /* en */,
			);
			name = MenuViewController_iPhone.xib;
			sourceTree = "<group>";
		};
		05D9324A15B9AEFB00983693 /* MenuViewController_iPad.xib */ = {
			isa = PBXVariantGroup;
			children = (
				05D9324B15B9AEFB00983693 /* en */,
			);
			name = MenuViewController_iPad.xib;
			sourceTree = "<group>";
		};
		05D9325C15B9AEFB00983693 /* InfoPlist.strings */ = {
			isa = PBXVariantGroup;
			children = (
				05D9325D15B9AEFB00983693 /* en */,
			);
			name = InfoPlist.strings;
			sourceTree = "<group>";
		};
/* End PBXVariantGroup section */

/* Begin XCBuildConfiguration section */
		05D9326215B9AEFB00983693 /* Debug */ = {
			isa = XCBuildConfiguration;
			buildSettings = {
				ALWAYS_SEARCH_USER_PATHS = NO;
				ARCHS = "$(ARCHS_STANDARD_32_BIT)";
				CLANG_ENABLE_OBJC_ARC = YES;
				"CODE_SIGN_IDENTITY[sdk=iphoneos*]" = "iPhone Developer";
				COPY_PHASE_STRIP = NO;
				GCC_C_LANGUAGE_STANDARD = gnu99;
				GCC_DYNAMIC_NO_PIC = NO;
				GCC_OPTIMIZATION_LEVEL = 0;
				GCC_PREPROCESSOR_DEFINITIONS = (
					"DEBUG=1",
					"$(inherited)",
				);
				GCC_SYMBOLS_PRIVATE_EXTERN = NO;
				GCC_VERSION = com.apple.compilers.llvm.clang.1_0;
				GCC_WARN_ABOUT_RETURN_TYPE = YES;
				GCC_WARN_UNINITIALIZED_AUTOS = YES;
				GCC_WARN_UNUSED_VARIABLE = YES;
				IPHONEOS_DEPLOYMENT_TARGET = 5.1;
				SDKROOT = iphoneos;
				TARGETED_DEVICE_FAMILY = "1,2";
				VALID_ARCHS = "armv6 armv7";
			};
			name = Debug;
		};
		05D9326315B9AEFB00983693 /* Release */ = {
			isa = XCBuildConfiguration;
			buildSettings = {
				ALWAYS_SEARCH_USER_PATHS = NO;
				ARCHS = "$(ARCHS_STANDARD_32_BIT)";
				CLANG_ENABLE_OBJC_ARC = YES;
				"CODE_SIGN_IDENTITY[sdk=iphoneos*]" = "iPhone Developer";
				COPY_PHASE_STRIP = YES;
				GCC_C_LANGUAGE_STANDARD = gnu99;
				GCC_VERSION = com.apple.compilers.llvm.clang.1_0;
				GCC_WARN_ABOUT_RETURN_TYPE = YES;
				GCC_WARN_UNINITIALIZED_AUTOS = YES;
				GCC_WARN_UNUSED_VARIABLE = YES;
				IPHONEOS_DEPLOYMENT_TARGET = 5.1;
				OTHER_CFLAGS = "-DNS_BLOCK_ASSERTIONS=1";
				SDKROOT = iphoneos;
				TARGETED_DEVICE_FAMILY = "1,2";
				VALIDATE_PRODUCT = YES;
				VALID_ARCHS = "armv6 armv7";
			};
			name = Release;
		};
		05D9326515B9AEFB00983693 /* Debug */ = {
			isa = XCBuildConfiguration;
			buildSettings = {
				ARCHS = armv6;
				GCC_PRECOMPILE_PREFIX_HEADER = YES;
				GCC_PREFIX_HEADER = "DreamState/DreamState-Prefix.pch";
				GCC_THUMB_SUPPORT = NO;
				GCC_VERSION = com.apple.compilers.llvm.clang.1_0;
				INFOPLIST_FILE = "DreamState/DreamState-Info.plist";
				IPHONEOS_DEPLOYMENT_TARGET = 5.1;
				ONLY_ACTIVE_ARCH = NO;
				PRODUCT_NAME = "$(TARGET_NAME)";
				SDKROOT = iphoneos;
				TARGETED_DEVICE_FAMILY = 1;
				VALID_ARCHS = "armv6 armv7";
				WRAPPER_EXTENSION = app;
			};
			name = Debug;
		};
		05D9326615B9AEFB00983693 /* Release */ = {
			isa = XCBuildConfiguration;
			buildSettings = {
				ARCHS = armv6;
				CODE_SIGN_IDENTITY = "";
				"CODE_SIGN_IDENTITY[sdk=iphoneos*]" = "iPhone Developer";
				GCC_PRECOMPILE_PREFIX_HEADER = YES;
				GCC_PREFIX_HEADER = "DreamState/DreamState-Prefix.pch";
				GCC_THUMB_SUPPORT = NO;
				GCC_VERSION = com.apple.compilers.llvm.clang.1_0;
				INFOPLIST_FILE = "DreamState/DreamState-Info.plist";
				IPHONEOS_DEPLOYMENT_TARGET = 5.1;
				ONLY_ACTIVE_ARCH = NO;
				PRODUCT_NAME = "$(TARGET_NAME)";
				"PROVISIONING_PROFILE[sdk=iphoneos*]" = "";
				SDKROOT = iphoneos;
				TARGETED_DEVICE_FAMILY = 1;
				VALID_ARCHS = "armv6 armv7";
				WRAPPER_EXTENSION = app;
			};
			name = Release;
		};
		05D9326815B9AEFB00983693 /* Debug */ = {
			isa = XCBuildConfiguration;
			buildSettings = {
				BUNDLE_LOADER = "$(BUILT_PRODUCTS_DIR)/DreamState.app/DreamState";
				FRAMEWORK_SEARCH_PATHS = (
					"$(SDKROOT)/Developer/Library/Frameworks",
					"$(DEVELOPER_LIBRARY_DIR)/Frameworks",
				);
				GCC_PRECOMPILE_PREFIX_HEADER = YES;
				GCC_PREFIX_HEADER = "DreamState/DreamState-Prefix.pch";
				INFOPLIST_FILE = "DreamStateTests/DreamStateTests-Info.plist";
				PRODUCT_NAME = "$(TARGET_NAME)";
				TEST_HOST = "$(BUNDLE_LOADER)";
				WRAPPER_EXTENSION = octest;
			};
			name = Debug;
		};
		05D9326915B9AEFB00983693 /* Release */ = {
			isa = XCBuildConfiguration;
			buildSettings = {
				BUNDLE_LOADER = "$(BUILT_PRODUCTS_DIR)/DreamState.app/DreamState";
				FRAMEWORK_SEARCH_PATHS = (
					"$(SDKROOT)/Developer/Library/Frameworks",
					"$(DEVELOPER_LIBRARY_DIR)/Frameworks",
				);
				GCC_PRECOMPILE_PREFIX_HEADER = YES;
				GCC_PREFIX_HEADER = "DreamState/DreamState-Prefix.pch";
				INFOPLIST_FILE = "DreamStateTests/DreamStateTests-Info.plist";
				PRODUCT_NAME = "$(TARGET_NAME)";
				TEST_HOST = "$(BUNDLE_LOADER)";
				WRAPPER_EXTENSION = octest;
			};
			name = Release;
		};
/* End XCBuildConfiguration section */

/* Begin XCConfigurationList section */
		05D9322815B9AEFB00983693 /* Build configuration list for PBXProject "DreamState" */ = {
			isa = XCConfigurationList;
			buildConfigurations = (
				05D9326215B9AEFB00983693 /* Debug */,
				05D9326315B9AEFB00983693 /* Release */,
			);
			defaultConfigurationIsVisible = 0;
			defaultConfigurationName = Release;
		};
		05D9326415B9AEFB00983693 /* Build configuration list for PBXNativeTarget "DreamState" */ = {
			isa = XCConfigurationList;
			buildConfigurations = (
				05D9326515B9AEFB00983693 /* Debug */,
				05D9326615B9AEFB00983693 /* Release */,
			);
			defaultConfigurationIsVisible = 0;
			defaultConfigurationName = Release;
		};
		05D9326715B9AEFB00983693 /* Build configuration list for PBXNativeTarget "DreamStateTests" */ = {
			isa = XCConfigurationList;
			buildConfigurations = (
				05D9326815B9AEFB00983693 /* Debug */,
				05D9326915B9AEFB00983693 /* Release */,
			);
			defaultConfigurationIsVisible = 0;
			defaultConfigurationName = Release;
		};
/* End XCConfigurationList section */

/* Begin XCVersionGroup section */
		05E5AA0E15D2D4E5004684E0 /* DreamState.xcdatamodeld */ = {
			isa = XCVersionGroup;
			children = (
				05E5AA8C15D56D9D004684E0 /* DreamState 2.xcdatamodel */,
				05E5AA0F15D2D4E5004684E0 /* DreamState.xcdatamodel */,
			);
			currentVersion = 05E5AA8C15D56D9D004684E0 /* DreamState 2.xcdatamodel */;
			path = DreamState.xcdatamodeld;
			sourceTree = "<group>";
			versionGroupType = wrapper.xcdatamodel;
		};
/* End XCVersionGroup section */
	};
	rootObject = 05D9322515B9AEFB00983693 /* Project object */;
}
